<?xml version="1.0" encoding="utf-8"?>
<Project ToolsVersion="4.0" xmlns="http://schemas.microsoft.com/developer/msbuild/2003">
  <ItemGroup>
    <Filter Include="Source Files">
      <UniqueIdentifier>{4FC737F1-C7A5-4376-A066-2A32D752A2FF}</UniqueIdentifier>
      <Extensions>cpp;c;cc;cxx;def;odl;idl;hpj;bat;asm;asmx</Extensions>
    </Filter>
    <Filter Include="Header Files">
      <UniqueIdentifier>{93995380-89BD-4b04-88EB-625FBE52EBFB}</UniqueIdentifier>
      <Extensions>h;hh;hpp;hxx;hm;inl;inc;xsd</Extensions>
    </Filter>
    <Filter Include="Resource Files">
      <UniqueIdentifier>{67DA6AB6-F800-4c08-8B7A-83BB121AAD01}</UniqueIdentifier>
      <Extensions>rc;ico;cur;bmp;dlg;rc2;rct;bin;rgs;gif;jpg;jpeg;jpe;resx;tiff;tif;png;wav;mfcribbon-ms</Extensions>
    </Filter>
    <Filter Include="Source Files\kernel">
      <UniqueIdentifier>{995419e5-55df-4815-a6d0-42556b6cf0a8}</UniqueIdentifier>
    </Filter>
    <Filter Include="Source Files\server">
      <UniqueIdentifier>{0e4b6c88-cccc-4cdb-a9f0-bb0180e2c498}</UniqueIdentifier>
    </Filter>
    <Filter Include="Source Files\decoder">
      <UniqueIdentifier>{7e858d2e-114f-41f1-a746-4268094ce88c}</UniqueIdentifier>
    </Filter>
    <Filter Include="Source Files\decoder\live555">
      <UniqueIdentifier>{6811bf3b-6bd8-4435-b3c9-f12dd9414fd7}</UniqueIdentifier>
    </Filter>
    <Filter Include="Source Files\decoder\stream">
      <UniqueIdentifier>{c343a895-7716-4252-b3db-da056478ab6e}</UniqueIdentifier>
    </Filter>
    <Filter Include="Source Files\client">
      <UniqueIdentifier>{5e963fbe-bdc6-47af-b9e6-826f633471df}</UniqueIdentifier>
    </Filter>
    <Filter Include="Source Files\decoder\proxy">
      <UniqueIdentifier>{1815b751-c014-4d10-afb1-323d24037f4f}</UniqueIdentifier>
    </Filter>
    <Filter Include="Source Files\kernel\ini">
      <UniqueIdentifier>{820ba1b3-197b-4716-b7d7-546f6c7a9e2d}</UniqueIdentifier>
    </Filter>
    <Filter Include="Header Files\live555">
      <UniqueIdentifier>{614bc7d5-a4f3-4a57-9ebc-070c34c074bf}</UniqueIdentifier>
    </Filter>
    <Filter Include="Source Files\kernel\tinyxml">
      <UniqueIdentifier>{5016caed-85de-405c-831f-770b200c243b}</UniqueIdentifier>
    </Filter>
    <Filter Include="Source Files\kernel\sql">
      <UniqueIdentifier>{c20dfe77-6a47-4c77-aac0-f9acc31a187d}</UniqueIdentifier>
    </Filter>
    <Filter Include="Source Files\kernel\list">
      <UniqueIdentifier>{18e4aa57-2a0a-4ab9-b7d6-eac7e75f68a5}</UniqueIdentifier>
    </Filter>
    <Filter Include="Source Files\decoder\redis">
      <UniqueIdentifier>{3f5a4c70-2ad9-494f-8282-26b058212ea2}</UniqueIdentifier>
    </Filter>
    <Filter Include="Header Files\redis">
      <UniqueIdentifier>{9f271f8a-5b9e-42c9-955f-baf0937aa5af}</UniqueIdentifier>
    </Filter>
    <Filter Include="Source Files\kernel\redis">
      <UniqueIdentifier>{e28f75dd-efe8-4a1a-88d8-4b08450158da}</UniqueIdentifier>
    </Filter>
    <Filter Include="Source Files\kernel\live555">
      <UniqueIdentifier>{36437114-ec84-4344-b398-a519fcb7c342}</UniqueIdentifier>
    </Filter>
    <Filter Include="Source Files\kernel\memory">
      <UniqueIdentifier>{c54bcbdd-405a-4232-adb2-5fff1b615ae4}</UniqueIdentifier>
    </Filter>
    <Filter Include="Header Files\tinyxml">
      <UniqueIdentifier>{b3670980-68a9-4273-b673-3d591e139ad2}</UniqueIdentifier>
    </Filter>
    <Filter Include="Source Files\main">
      <UniqueIdentifier>{4604d2e4-ab38-43c4-a0a7-0128c26791b3}</UniqueIdentifier>
    </Filter>
    <Filter Include="Source Files\kernel\mediapipeline">
      <UniqueIdentifier>{33be486f-2ccb-43e3-811a-0e75424279ad}</UniqueIdentifier>
    </Filter>
  </ItemGroup>
  <ItemGroup>
    <ClCompile Include="main.cpp">
      <Filter>Source Files</Filter>
    </ClCompile>
    <ClCompile Include="H264or5VideoStreamSink.cpp">
      <Filter>Source Files\decoder\live555</Filter>
    </ClCompile>
    <ClCompile Include="H264VideoStreamSink.cpp">
      <Filter>Source Files\decoder\live555</Filter>
    </ClCompile>
    <ClCompile Include="mythLive555Decoder.cpp">
      <Filter>Source Files\decoder\live555</Filter>
    </ClCompile>
    <ClCompile Include="mythRTSP.cpp">
      <Filter>Source Files\decoder\live555</Filter>
    </ClCompile>
    <ClCompile Include="OurRTSPClient.cpp">
      <Filter>Source Files\decoder\live555</Filter>
    </ClCompile>
    <ClCompile Include="StreamClientState.cpp">
      <Filter>Source Files\decoder\live555</Filter>
    </ClCompile>
    <ClCompile Include="tinystr.cpp">
      <Filter>Source Files\kernel\tinyxml</Filter>
    </ClCompile>
    <ClCompile Include="tinyxmlparser.cpp">
      <Filter>Source Files\kernel\tinyxml</Filter>
    </ClCompile>
    <ClCompile Include="tinyxmlerror.cpp">
      <Filter>Source Files\kernel\tinyxml</Filter>
    </ClCompile>
    <ClCompile Include="tinyxml.cpp">
      <Filter>Source Files\kernel\tinyxml</Filter>
    </ClCompile>
    <ClCompile Include="IniFile.c">
      <Filter>Source Files\kernel\ini</Filter>
    </ClCompile>
    <ClCompile Include="mythStreamMapServer.cpp">
      <Filter>Source Files\server</Filter>
    </ClCompile>
    <ClCompile Include="mythStreamServer.cpp">
      <Filter>Source Files\server</Filter>
    </ClCompile>
    <ClCompile Include="mythBaseClient.cpp">
      <Filter>Source Files\client</Filter>
    </ClCompile>
    <ClCompile Include="mythStreamSQLresult.cpp">
      <Filter>Source Files\kernel\sql</Filter>
    </ClCompile>
    <ClCompile Include="mythVirtualSqlite.cpp">
      <Filter>Source Files\kernel\sql</Filter>
    </ClCompile>
    <ClCompile Include="StreamSink.cpp">
      <Filter>Source Files\decoder\live555</Filter>
    </ClCompile>
    <ClCompile Include="mythVirtualDecoder.cpp">
      <Filter>Source Files\decoder</Filter>
    </ClCompile>
    <ClCompile Include="mythUseageEnvironment.cpp">
      <Filter>Source Files\decoder\live555</Filter>
    </ClCompile>
    <ClCompile Include="mythProxyDecoder.cpp">
      <Filter>Source Files\decoder\proxy</Filter>
    </ClCompile>
    <ClCompile Include="mythStreamDecoder.cpp">
      <Filter>Source Files\decoder\stream</Filter>
    </ClCompile>
    <ClCompile Include="mythAvlist.cpp">
      <Filter>Source Files\kernel\list</Filter>
    </ClCompile>
    <ClCompile Include="mythRedisList.cpp">
      <Filter>Source Files\kernel\list</Filter>
    </ClCompile>
    <ClCompile Include="mythVirtualList.cpp">
      <Filter>Source Files\kernel\list</Filter>
    </ClCompile>
    <ClCompile Include="MythSocket.cpp">
      <Filter>Source Files\client</Filter>
    </ClCompile>
    <ClCompile Include="mythListFactory.cpp">
      <Filter>Source Files\kernel\list</Filter>
    </ClCompile>
    <ClCompile Include="mythRedisDecoder.cpp">
      <Filter>Source Files\decoder\redis</Filter>
    </ClCompile>
    <ClCompile Include="hiredis.c">
      <Filter>Source Files\kernel\redis</Filter>
    </ClCompile>
    <ClCompile Include="dict.c">
      <Filter>Source Files\kernel\redis</Filter>
    </ClCompile>
    <ClCompile Include="net.c">
      <Filter>Source Files\kernel\redis</Filter>
    </ClCompile>
    <ClCompile Include="sds.c">
      <Filter>Source Files\kernel\redis</Filter>
    </ClCompile>
    <ClCompile Include="async.c">
      <Filter>Source Files\kernel\redis</Filter>
    </ClCompile>
    <ClCompile Include="mythGlobal.cpp">
      <Filter>Source Files\kernel</Filter>
    </ClCompile>
    <ClCompile Include="mythRedisClient.cpp">
      <Filter>Source Files\client</Filter>
    </ClCompile>
    <ClCompile Include="live555\inet.c">
      <Filter>Source Files\kernel\live555</Filter>
    </ClCompile>
    <ClCompile Include="live555\rtcp_from_spec.c">
      <Filter>Source Files\kernel\live555</Filter>
    </ClCompile>
    <ClCompile Include="live555\WAVAudioFileSource.cpp">
      <Filter>Source Files\kernel\live555</Filter>
    </ClCompile>
    <ClCompile Include="live555\AC3AudioFileServerMediaSubsession.cpp">
      <Filter>Source Files\kernel\live555</Filter>
    </ClCompile>
    <ClCompile Include="live555\AC3AudioRTPSink.cpp">
      <Filter>Source Files\kernel\live555</Filter>
    </ClCompile>
    <ClCompile Include="live555\AC3AudioRTPSource.cpp">
      <Filter>Source Files\kernel\live555</Filter>
    </ClCompile>
    <ClCompile Include="live555\AC3AudioStreamFramer.cpp">
      <Filter>Source Files\kernel\live555</Filter>
    </ClCompile>
    <ClCompile Include="live555\ADTSAudioFileServerMediaSubsession.cpp">
      <Filter>Source Files\kernel\live555</Filter>
    </ClCompile>
    <ClCompile Include="live555\ADTSAudioFileSource.cpp">
      <Filter>Source Files\kernel\live555</Filter>
    </ClCompile>
    <ClCompile Include="live555\AMRAudioFileServerMediaSubsession.cpp">
      <Filter>Source Files\kernel\live555</Filter>
    </ClCompile>
    <ClCompile Include="live555\AMRAudioFileSink.cpp">
      <Filter>Source Files\kernel\live555</Filter>
    </ClCompile>
    <ClCompile Include="live555\AMRAudioFileSource.cpp">
      <Filter>Source Files\kernel\live555</Filter>
    </ClCompile>
    <ClCompile Include="live555\AMRAudioRTPSink.cpp">
      <Filter>Source Files\kernel\live555</Filter>
    </ClCompile>
    <ClCompile Include="live555\AMRAudioRTPSource.cpp">
      <Filter>Source Files\kernel\live555</Filter>
    </ClCompile>
    <ClCompile Include="live555\AMRAudioSource.cpp">
      <Filter>Source Files\kernel\live555</Filter>
    </ClCompile>
    <ClCompile Include="live555\AudioInputDevice.cpp">
      <Filter>Source Files\kernel\live555</Filter>
    </ClCompile>
    <ClCompile Include="live555\AudioRTPSink.cpp">
      <Filter>Source Files\kernel\live555</Filter>
    </ClCompile>
    <ClCompile Include="live555\AVIFileSink.cpp">
      <Filter>Source Files\kernel\live555</Filter>
    </ClCompile>
    <ClCompile Include="live555\Base64.cpp">
      <Filter>Source Files\kernel\live555</Filter>
    </ClCompile>
    <ClCompile Include="live555\BasicHashTable.cpp">
      <Filter>Source Files\kernel\live555</Filter>
    </ClCompile>
    <ClCompile Include="live555\BasicTaskScheduler.cpp">
      <Filter>Source Files\kernel\live555</Filter>
    </ClCompile>
    <ClCompile Include="live555\BasicTaskScheduler0.cpp">
      <Filter>Source Files\kernel\live555</Filter>
    </ClCompile>
    <ClCompile Include="live555\BasicUDPSink.cpp">
      <Filter>Source Files\kernel\live555</Filter>
    </ClCompile>
    <ClCompile Include="live555\BasicUDPSource.cpp">
      <Filter>Source Files\kernel\live555</Filter>
    </ClCompile>
    <ClCompile Include="live555\BasicUsageEnvironment.cpp">
      <Filter>Source Files\kernel\live555</Filter>
    </ClCompile>
    <ClCompile Include="live555\BasicUsageEnvironment0.cpp">
      <Filter>Source Files\kernel\live555</Filter>
    </ClCompile>
    <ClCompile Include="live555\BitVector.cpp">
      <Filter>Source Files\kernel\live555</Filter>
    </ClCompile>
    <ClCompile Include="live555\ByteStreamFileSource.cpp">
      <Filter>Source Files\kernel\live555</Filter>
    </ClCompile>
    <ClCompile Include="live555\ByteStreamMemoryBufferSource.cpp">
      <Filter>Source Files\kernel\live555</Filter>
    </ClCompile>
    <ClCompile Include="live555\ByteStreamMultiFileSource.cpp">
      <Filter>Source Files\kernel\live555</Filter>
    </ClCompile>
    <ClCompile Include="live555\DelayQueue.cpp">
      <Filter>Source Files\kernel\live555</Filter>
    </ClCompile>
    <ClCompile Include="live555\DeviceSource.cpp">
      <Filter>Source Files\kernel\live555</Filter>
    </ClCompile>
    <ClCompile Include="live555\DigestAuthentication.cpp">
      <Filter>Source Files\kernel\live555</Filter>
    </ClCompile>
    <ClCompile Include="live555\DVVideoFileServerMediaSubsession.cpp">
      <Filter>Source Files\kernel\live555</Filter>
    </ClCompile>
    <ClCompile Include="live555\DVVideoRTPSink.cpp">
      <Filter>Source Files\kernel\live555</Filter>
    </ClCompile>
    <ClCompile Include="live555\DVVideoRTPSource.cpp">
      <Filter>Source Files\kernel\live555</Filter>
    </ClCompile>
    <ClCompile Include="live555\DVVideoStreamFramer.cpp">
      <Filter>Source Files\kernel\live555</Filter>
    </ClCompile>
    <ClCompile Include="live555\EBMLNumber.cpp">
      <Filter>Source Files\kernel\live555</Filter>
    </ClCompile>
    <ClCompile Include="live555\FileServerMediaSubsession.cpp">
      <Filter>Source Files\kernel\live555</Filter>
    </ClCompile>
    <ClCompile Include="live555\FileSink.cpp">
      <Filter>Source Files\kernel\live555</Filter>
    </ClCompile>
    <ClCompile Include="live555\FramedFileSource.cpp">
      <Filter>Source Files\kernel\live555</Filter>
    </ClCompile>
    <ClCompile Include="live555\FramedFilter.cpp">
      <Filter>Source Files\kernel\live555</Filter>
    </ClCompile>
    <ClCompile Include="live555\FramedSource.cpp">
      <Filter>Source Files\kernel\live555</Filter>
    </ClCompile>
    <ClCompile Include="live555\GenericMediaServer.cpp">
      <Filter>Source Files\kernel\live555</Filter>
    </ClCompile>
    <ClCompile Include="live555\GroupEId.cpp">
      <Filter>Source Files\kernel\live555</Filter>
    </ClCompile>
    <ClCompile Include="live555\Groupsock.cpp">
      <Filter>Source Files\kernel\live555</Filter>
    </ClCompile>
    <ClCompile Include="live555\GroupsockHelper.cpp">
      <Filter>Source Files\kernel\live555</Filter>
    </ClCompile>
    <ClCompile Include="live555\GSMAudioRTPSink.cpp">
      <Filter>Source Files\kernel\live555</Filter>
    </ClCompile>
    <ClCompile Include="live555\H261VideoRTPSource.cpp">
      <Filter>Source Files\kernel\live555</Filter>
    </ClCompile>
    <ClCompile Include="live555\H263plusVideoFileServerMediaSubsession.cpp">
      <Filter>Source Files\kernel\live555</Filter>
    </ClCompile>
    <ClCompile Include="live555\H263plusVideoRTPSink.cpp">
      <Filter>Source Files\kernel\live555</Filter>
    </ClCompile>
    <ClCompile Include="live555\H263plusVideoRTPSource.cpp">
      <Filter>Source Files\kernel\live555</Filter>
    </ClCompile>
    <ClCompile Include="live555\H263plusVideoStreamFramer.cpp">
      <Filter>Source Files\kernel\live555</Filter>
    </ClCompile>
    <ClCompile Include="live555\H263plusVideoStreamParser.cpp">
      <Filter>Source Files\kernel\live555</Filter>
    </ClCompile>
    <ClCompile Include="live555\H264or5VideoFileSink.cpp">
      <Filter>Source Files\kernel\live555</Filter>
    </ClCompile>
    <ClCompile Include="live555\H264or5VideoRTPSink.cpp">
      <Filter>Source Files\kernel\live555</Filter>
    </ClCompile>
    <ClCompile Include="live555\H264or5VideoStreamDiscreteFramer.cpp">
      <Filter>Source Files\kernel\live555</Filter>
    </ClCompile>
    <ClCompile Include="live555\H264or5VideoStreamFramer.cpp">
      <Filter>Source Files\kernel\live555</Filter>
    </ClCompile>
    <ClCompile Include="live555\H264VideoFileServerMediaSubsession.cpp">
      <Filter>Source Files\kernel\live555</Filter>
    </ClCompile>
    <ClCompile Include="live555\H264VideoFileSink.cpp">
      <Filter>Source Files\kernel\live555</Filter>
    </ClCompile>
    <ClCompile Include="live555\H264VideoRTPSink.cpp">
      <Filter>Source Files\kernel\live555</Filter>
    </ClCompile>
    <ClCompile Include="live555\H264VideoRTPSource.cpp">
      <Filter>Source Files\kernel\live555</Filter>
    </ClCompile>
    <ClCompile Include="live555\H264VideoStreamDiscreteFramer.cpp">
      <Filter>Source Files\kernel\live555</Filter>
    </ClCompile>
    <ClCompile Include="live555\H264VideoStreamFramer.cpp">
      <Filter>Source Files\kernel\live555</Filter>
    </ClCompile>
    <ClCompile Include="live555\H265VideoFileServerMediaSubsession.cpp">
      <Filter>Source Files\kernel\live555</Filter>
    </ClCompile>
    <ClCompile Include="live555\H265VideoFileSink.cpp">
      <Filter>Source Files\kernel\live555</Filter>
    </ClCompile>
    <ClCompile Include="live555\H265VideoRTPSink.cpp">
      <Filter>Source Files\kernel\live555</Filter>
    </ClCompile>
    <ClCompile Include="live555\H265VideoRTPSource.cpp">
      <Filter>Source Files\kernel\live555</Filter>
    </ClCompile>
    <ClCompile Include="live555\H265VideoStreamDiscreteFramer.cpp">
      <Filter>Source Files\kernel\live555</Filter>
    </ClCompile>
    <ClCompile Include="live555\H265VideoStreamFramer.cpp">
      <Filter>Source Files\kernel\live555</Filter>
    </ClCompile>
    <ClCompile Include="live555\HashTable.cpp">
      <Filter>Source Files\kernel\live555</Filter>
    </ClCompile>
    <ClCompile Include="live555\InputFile.cpp">
      <Filter>Source Files\kernel\live555</Filter>
    </ClCompile>
    <ClCompile Include="live555\IOHandlers.cpp">
      <Filter>Source Files\kernel\live555</Filter>
    </ClCompile>
    <ClCompile Include="live555\JPEGVideoRTPSink.cpp">
      <Filter>Source Files\kernel\live555</Filter>
    </ClCompile>
    <ClCompile Include="live555\JPEGVideoRTPSource.cpp">
      <Filter>Source Files\kernel\live555</Filter>
    </ClCompile>
    <ClCompile Include="live555\JPEGVideoSource.cpp">
      <Filter>Source Files\kernel\live555</Filter>
    </ClCompile>
    <ClCompile Include="live555\Locale.cpp">
      <Filter>Source Files\kernel\live555</Filter>
    </ClCompile>
    <ClCompile Include="live555\MatroskaDemuxedTrack.cpp">
      <Filter>Source Files\kernel\live555</Filter>
    </ClCompile>
    <ClCompile Include="live555\MatroskaFile.cpp">
      <Filter>Source Files\kernel\live555</Filter>
    </ClCompile>
    <ClCompile Include="live555\MatroskaFileParser.cpp">
      <Filter>Source Files\kernel\live555</Filter>
    </ClCompile>
    <ClCompile Include="live555\MatroskaFileServerDemux.cpp">
      <Filter>Source Files\kernel\live555</Filter>
    </ClCompile>
    <ClCompile Include="live555\MatroskaFileServerMediaSubsession.cpp">
      <Filter>Source Files\kernel\live555</Filter>
    </ClCompile>
    <ClCompile Include="live555\Media.cpp">
      <Filter>Source Files\kernel\live555</Filter>
    </ClCompile>
    <ClCompile Include="live555\MediaSession.cpp">
      <Filter>Source Files\kernel\live555</Filter>
    </ClCompile>
    <ClCompile Include="live555\MediaSink.cpp">
      <Filter>Source Files\kernel\live555</Filter>
    </ClCompile>
    <ClCompile Include="live555\MediaSource.cpp">
      <Filter>Source Files\kernel\live555</Filter>
    </ClCompile>
    <ClCompile Include="live555\MP3ADU.cpp">
      <Filter>Source Files\kernel\live555</Filter>
    </ClCompile>
    <ClCompile Include="live555\MP3ADUdescriptor.cpp">
      <Filter>Source Files\kernel\live555</Filter>
    </ClCompile>
    <ClCompile Include="live555\MP3ADUinterleaving.cpp">
      <Filter>Source Files\kernel\live555</Filter>
    </ClCompile>
    <ClCompile Include="live555\MP3ADURTPSink.cpp">
      <Filter>Source Files\kernel\live555</Filter>
    </ClCompile>
    <ClCompile Include="live555\MP3ADURTPSource.cpp">
      <Filter>Source Files\kernel\live555</Filter>
    </ClCompile>
    <ClCompile Include="live555\MP3ADUTranscoder.cpp">
      <Filter>Source Files\kernel\live555</Filter>
    </ClCompile>
    <ClCompile Include="live555\MP3AudioFileServerMediaSubsession.cpp">
      <Filter>Source Files\kernel\live555</Filter>
    </ClCompile>
    <ClCompile Include="live555\MP3AudioMatroskaFileServerMediaSubsession.cpp">
      <Filter>Source Files\kernel\live555</Filter>
    </ClCompile>
    <ClCompile Include="live555\MP3FileSource.cpp">
      <Filter>Source Files\kernel\live555</Filter>
    </ClCompile>
    <ClCompile Include="live555\MP3Internals.cpp">
      <Filter>Source Files\kernel\live555</Filter>
    </ClCompile>
    <ClCompile Include="live555\MP3InternalsHuffman.cpp">
      <Filter>Source Files\kernel\live555</Filter>
    </ClCompile>
    <ClCompile Include="live555\MP3InternalsHuffmanTable.cpp">
      <Filter>Source Files\kernel\live555</Filter>
    </ClCompile>
    <ClCompile Include="live555\MP3StreamState.cpp">
      <Filter>Source Files\kernel\live555</Filter>
    </ClCompile>
    <ClCompile Include="live555\MP3Transcoder.cpp">
      <Filter>Source Files\kernel\live555</Filter>
    </ClCompile>
    <ClCompile Include="live555\MPEG1or2AudioRTPSink.cpp">
      <Filter>Source Files\kernel\live555</Filter>
    </ClCompile>
    <ClCompile Include="live555\MPEG1or2AudioRTPSource.cpp">
      <Filter>Source Files\kernel\live555</Filter>
    </ClCompile>
    <ClCompile Include="live555\MPEG1or2AudioStreamFramer.cpp">
      <Filter>Source Files\kernel\live555</Filter>
    </ClCompile>
    <ClCompile Include="live555\MPEG1or2Demux.cpp">
      <Filter>Source Files\kernel\live555</Filter>
    </ClCompile>
    <ClCompile Include="live555\MPEG1or2DemuxedElementaryStream.cpp">
      <Filter>Source Files\kernel\live555</Filter>
    </ClCompile>
    <ClCompile Include="live555\MPEG1or2DemuxedServerMediaSubsession.cpp">
      <Filter>Source Files\kernel\live555</Filter>
    </ClCompile>
    <ClCompile Include="live555\MPEG1or2FileServerDemux.cpp">
      <Filter>Source Files\kernel\live555</Filter>
    </ClCompile>
    <ClCompile Include="live555\MPEG1or2VideoFileServerMediaSubsession.cpp">
      <Filter>Source Files\kernel\live555</Filter>
    </ClCompile>
    <ClCompile Include="live555\MPEG1or2VideoRTPSink.cpp">
      <Filter>Source Files\kernel\live555</Filter>
    </ClCompile>
    <ClCompile Include="live555\MPEG1or2VideoRTPSource.cpp">
      <Filter>Source Files\kernel\live555</Filter>
    </ClCompile>
    <ClCompile Include="live555\MPEG1or2VideoStreamDiscreteFramer.cpp">
      <Filter>Source Files\kernel\live555</Filter>
    </ClCompile>
    <ClCompile Include="live555\MPEG1or2VideoStreamFramer.cpp">
      <Filter>Source Files\kernel\live555</Filter>
    </ClCompile>
    <ClCompile Include="live555\MPEG2IndexFromTransportStream.cpp">
      <Filter>Source Files\kernel\live555</Filter>
    </ClCompile>
    <ClCompile Include="live555\MPEG2TransportFileServerMediaSubsession.cpp">
      <Filter>Source Files\kernel\live555</Filter>
    </ClCompile>
    <ClCompile Include="live555\MPEG2TransportStreamFramer.cpp">
      <Filter>Source Files\kernel\live555</Filter>
    </ClCompile>
    <ClCompile Include="live555\MPEG2TransportStreamFromESSource.cpp">
      <Filter>Source Files\kernel\live555</Filter>
    </ClCompile>
    <ClCompile Include="live555\MPEG2TransportStreamFromPESSource.cpp">
      <Filter>Source Files\kernel\live555</Filter>
    </ClCompile>
    <ClCompile Include="live555\MPEG2TransportStreamIndexFile.cpp">
      <Filter>Source Files\kernel\live555</Filter>
    </ClCompile>
    <ClCompile Include="live555\MPEG2TransportStreamMultiplexor.cpp">
      <Filter>Source Files\kernel\live555</Filter>
    </ClCompile>
    <ClCompile Include="live555\MPEG2TransportStreamTrickModeFilter.cpp">
      <Filter>Source Files\kernel\live555</Filter>
    </ClCompile>
    <ClCompile Include="live555\MPEG2TransportUDPServerMediaSubsession.cpp">
      <Filter>Source Files\kernel\live555</Filter>
    </ClCompile>
    <ClCompile Include="live555\MPEG4ESVideoRTPSink.cpp">
      <Filter>Source Files\kernel\live555</Filter>
    </ClCompile>
    <ClCompile Include="live555\MPEG4ESVideoRTPSource.cpp">
      <Filter>Source Files\kernel\live555</Filter>
    </ClCompile>
    <ClCompile Include="live555\MPEG4GenericRTPSink.cpp">
      <Filter>Source Files\kernel\live555</Filter>
    </ClCompile>
    <ClCompile Include="live555\MPEG4GenericRTPSource.cpp">
      <Filter>Source Files\kernel\live555</Filter>
    </ClCompile>
    <ClCompile Include="live555\MPEG4LATMAudioRTPSink.cpp">
      <Filter>Source Files\kernel\live555</Filter>
    </ClCompile>
    <ClCompile Include="live555\MPEG4LATMAudioRTPSource.cpp">
      <Filter>Source Files\kernel\live555</Filter>
    </ClCompile>
    <ClCompile Include="live555\MPEG4VideoFileServerMediaSubsession.cpp">
      <Filter>Source Files\kernel\live555</Filter>
    </ClCompile>
    <ClCompile Include="live555\MPEG4VideoStreamDiscreteFramer.cpp">
      <Filter>Source Files\kernel\live555</Filter>
    </ClCompile>
    <ClCompile Include="live555\MPEG4VideoStreamFramer.cpp">
      <Filter>Source Files\kernel\live555</Filter>
    </ClCompile>
    <ClCompile Include="live555\MPEGVideoStreamFramer.cpp">
      <Filter>Source Files\kernel\live555</Filter>
    </ClCompile>
    <ClCompile Include="live555\MPEGVideoStreamParser.cpp">
      <Filter>Source Files\kernel\live555</Filter>
    </ClCompile>
    <ClCompile Include="live555\MultiFramedRTPSink.cpp">
      <Filter>Source Files\kernel\live555</Filter>
    </ClCompile>
    <ClCompile Include="live555\MultiFramedRTPSource.cpp">
      <Filter>Source Files\kernel\live555</Filter>
    </ClCompile>
    <ClCompile Include="live555\NetAddress.cpp">
      <Filter>Source Files\kernel\live555</Filter>
    </ClCompile>
    <ClCompile Include="live555\NetInterface.cpp">
      <Filter>Source Files\kernel\live555</Filter>
    </ClCompile>
    <ClCompile Include="live555\OggDemuxedTrack.cpp">
      <Filter>Source Files\kernel\live555</Filter>
    </ClCompile>
    <ClCompile Include="live555\OggFile.cpp">
      <Filter>Source Files\kernel\live555</Filter>
    </ClCompile>
    <ClCompile Include="live555\OggFileParser.cpp">
      <Filter>Source Files\kernel\live555</Filter>
    </ClCompile>
    <ClCompile Include="live555\OggFileServerDemux.cpp">
      <Filter>Source Files\kernel\live555</Filter>
    </ClCompile>
    <ClCompile Include="live555\OggFileServerMediaSubsession.cpp">
      <Filter>Source Files\kernel\live555</Filter>
    </ClCompile>
    <ClCompile Include="live555\OggFileSink.cpp">
      <Filter>Source Files\kernel\live555</Filter>
    </ClCompile>
    <ClCompile Include="live555\OnDemandServerMediaSubsession.cpp">
      <Filter>Source Files\kernel\live555</Filter>
    </ClCompile>
    <ClCompile Include="live555\ourMD5.cpp">
      <Filter>Source Files\kernel\live555</Filter>
    </ClCompile>
    <ClCompile Include="live555\OutputFile.cpp">
      <Filter>Source Files\kernel\live555</Filter>
    </ClCompile>
    <ClCompile Include="live555\PassiveServerMediaSubsession.cpp">
      <Filter>Source Files\kernel\live555</Filter>
    </ClCompile>
    <ClCompile Include="live555\ProxyServerMediaSession.cpp">
      <Filter>Source Files\kernel\live555</Filter>
    </ClCompile>
    <ClCompile Include="live555\QCELPAudioRTPSource.cpp">
      <Filter>Source Files\kernel\live555</Filter>
    </ClCompile>
    <ClCompile Include="live555\QuickTimeFileSink.cpp">
      <Filter>Source Files\kernel\live555</Filter>
    </ClCompile>
    <ClCompile Include="live555\QuickTimeGenericRTPSource.cpp">
      <Filter>Source Files\kernel\live555</Filter>
    </ClCompile>
    <ClCompile Include="live555\RTCP.cpp">
      <Filter>Source Files\kernel\live555</Filter>
    </ClCompile>
    <ClCompile Include="live555\RTPInterface.cpp">
      <Filter>Source Files\kernel\live555</Filter>
    </ClCompile>
    <ClCompile Include="live555\RTPSink.cpp">
      <Filter>Source Files\kernel\live555</Filter>
    </ClCompile>
    <ClCompile Include="live555\RTPSource.cpp">
      <Filter>Source Files\kernel\live555</Filter>
    </ClCompile>
    <ClCompile Include="live555\RTSPClient.cpp">
      <Filter>Source Files\kernel\live555</Filter>
    </ClCompile>
    <ClCompile Include="live555\RTSPCommon.cpp">
      <Filter>Source Files\kernel\live555</Filter>
    </ClCompile>
    <ClCompile Include="live555\RTSPRegisterSender.cpp">
      <Filter>Source Files\kernel\live555</Filter>
    </ClCompile>
    <ClCompile Include="live555\RTSPServer.cpp">
      <Filter>Source Files\kernel\live555</Filter>
    </ClCompile>
    <ClCompile Include="live555\RTSPServerSupportingHTTPStreaming.cpp">
      <Filter>Source Files\kernel\live555</Filter>
    </ClCompile>
    <ClCompile Include="live555\ServerMediaSession.cpp">
      <Filter>Source Files\kernel\live555</Filter>
    </ClCompile>
    <ClCompile Include="live555\SimpleRTPSink.cpp">
      <Filter>Source Files\kernel\live555</Filter>
    </ClCompile>
    <ClCompile Include="live555\SimpleRTPSource.cpp">
      <Filter>Source Files\kernel\live555</Filter>
    </ClCompile>
    <ClCompile Include="live555\SIPClient.cpp">
      <Filter>Source Files\kernel\live555</Filter>
    </ClCompile>
    <ClCompile Include="live555\strDup.cpp">
      <Filter>Source Files\kernel\live555</Filter>
    </ClCompile>
    <ClCompile Include="live555\StreamParser.cpp">
      <Filter>Source Files\kernel\live555</Filter>
    </ClCompile>
    <ClCompile Include="live555\StreamReplicator.cpp">
      <Filter>Source Files\kernel\live555</Filter>
    </ClCompile>
    <ClCompile Include="live555\T140TextRTPSink.cpp">
      <Filter>Source Files\kernel\live555</Filter>
    </ClCompile>
    <ClCompile Include="live555\TCPStreamSink.cpp">
      <Filter>Source Files\kernel\live555</Filter>
    </ClCompile>
    <ClCompile Include="live555\TextRTPSink.cpp">
      <Filter>Source Files\kernel\live555</Filter>
    </ClCompile>
    <ClCompile Include="live555\TheoraVideoRTPSink.cpp">
      <Filter>Source Files\kernel\live555</Filter>
    </ClCompile>
    <ClCompile Include="live555\TheoraVideoRTPSource.cpp">
      <Filter>Source Files\kernel\live555</Filter>
    </ClCompile>
    <ClCompile Include="live555\uLawAudioFilter.cpp">
      <Filter>Source Files\kernel\live555</Filter>
    </ClCompile>
    <ClCompile Include="live555\UsageEnvironment.cpp">
      <Filter>Source Files\kernel\live555</Filter>
    </ClCompile>
    <ClCompile Include="live555\VideoRTPSink.cpp">
      <Filter>Source Files\kernel\live555</Filter>
    </ClCompile>
    <ClCompile Include="live555\VorbisAudioRTPSink.cpp">
      <Filter>Source Files\kernel\live555</Filter>
    </ClCompile>
    <ClCompile Include="live555\VorbisAudioRTPSource.cpp">
      <Filter>Source Files\kernel\live555</Filter>
    </ClCompile>
    <ClCompile Include="live555\VP8VideoRTPSink.cpp">
      <Filter>Source Files\kernel\live555</Filter>
    </ClCompile>
    <ClCompile Include="live555\VP8VideoRTPSource.cpp">
      <Filter>Source Files\kernel\live555</Filter>
    </ClCompile>
    <ClCompile Include="live555\VP9VideoRTPSink.cpp">
      <Filter>Source Files\kernel\live555</Filter>
    </ClCompile>
    <ClCompile Include="live555\VP9VideoRTPSource.cpp">
      <Filter>Source Files\kernel\live555</Filter>
    </ClCompile>
    <ClCompile Include="live555\WAVAudioFileServerMediaSubsession.cpp">
      <Filter>Source Files\kernel\live555</Filter>
    </ClCompile>
    <ClCompile Include="mythShareMemList.cpp">
      <Filter>Source Files\kernel\list</Filter>
    </ClCompile>
    <ClCompile Include="ShareMemory.cpp">
      <Filter>Source Files\kernel\memory</Filter>
    </ClCompile>
    <ClCompile Include="SingleMain.cpp">
      <Filter>Source Files\main</Filter>
    </ClCompile>
    <ClCompile Include="MainInclude.hh">
      <Filter>Header Files</Filter>
    </ClCompile>
    <ClCompile Include="mythFFmpegEncoder.cpp">
      <Filter>Source Files\kernel\mediapipeline</Filter>
    </ClCompile>
    <ClCompile Include="mythFFmpeg.cpp">
      <Filter>Source Files\kernel\mediapipeline</Filter>
    </ClCompile>
    <ClCompile Include="mythMediaPipeline.cpp">
      <Filter>Source Files\kernel\mediapipeline</Filter>
    </ClCompile>
    <ClCompile Include="mythIniFile.cpp">
      <Filter>Source Files\kernel\ini</Filter>
    </ClCompile>
    <ClCompile Include="mythServerMap.cpp">
      <Filter>Source Files\kernel</Filter>
    </ClCompile>
  </ItemGroup>
  <ItemGroup>
    <ClInclude Include="mythAvlist.hh">
      <Filter>Header Files</Filter>
    </ClInclude>
    <ClInclude Include="MythConfig.hh">
      <Filter>Header Files</Filter>
    </ClInclude>
    <ClInclude Include="mythStreamServer.hh">
      <Filter>Header Files</Filter>
    </ClInclude>
    <ClInclude Include="mythStreamMapServer.hh">
      <Filter>Header Files</Filter>
    </ClInclude>
    <ClInclude Include="mythBaseClient.hh">
      <Filter>Header Files</Filter>
    </ClInclude>
    <ClInclude Include="mythStreamSQLresult.hh">
      <Filter>Header Files</Filter>
    </ClInclude>
    <ClInclude Include="mythVirtualDecoder.hh">
      <Filter>Header Files</Filter>
    </ClInclude>
    <ClInclude Include="mythVirtualSqlite.hh">
      <Filter>Header Files</Filter>
    </ClInclude>
    <ClInclude Include="IniFile.h">
      <Filter>Header Files</Filter>
    </ClInclude>
    <ClInclude Include="mythProxyDecoder.hh">
      <Filter>Header Files</Filter>
    </ClInclude>
    <ClInclude Include="mythStreamDecoder.hh">
      <Filter>Header Files</Filter>
    </ClInclude>
    <ClInclude Include="mythVirtualList.hh">
      <Filter>Header Files</Filter>
    </ClInclude>
    <ClInclude Include="mythRedisList.hh">
      <Filter>Header Files</Filter>
    </ClInclude>
    <ClInclude Include="H264or5VideoStreamSink.hh">
      <Filter>Header Files\live555</Filter>
    </ClInclude>
    <ClInclude Include="H264VideoStreamSink.hh">
      <Filter>Header Files\live555</Filter>
    </ClInclude>
    <ClInclude Include="mythUseageEnvironment.hh">
      <Filter>Header Files\live555</Filter>
    </ClInclude>
    <ClInclude Include="OurRTSPClient.hh">
      <Filter>Header Files\live555</Filter>
    </ClInclude>
    <ClInclude Include="StreamClientState.hh">
      <Filter>Header Files\live555</Filter>
    </ClInclude>
    <ClInclude Include="StreamSink.hh">
      <Filter>Header Files\live555</Filter>
    </ClInclude>
    <ClInclude Include="mythRTSP.hh">
      <Filter>Header Files\live555</Filter>
    </ClInclude>
    <ClInclude Include="mythListFactory.hh">
      <Filter>Header Files</Filter>
    </ClInclude>
    <ClInclude Include="MythSocket.hh">
      <Filter>Header Files</Filter>
    </ClInclude>
    <ClInclude Include="mythRedisDecoder.hh">
      <Filter>Header Files</Filter>
    </ClInclude>
    <ClInclude Include="mythGlobal.hh">
      <Filter>Header Files</Filter>
    </ClInclude>
    <ClInclude Include="mythRedisClient.hh">
      <Filter>Header Files</Filter>
    </ClInclude>
    <ClInclude Include="async.h">
      <Filter>Header Files\redis</Filter>
    </ClInclude>
    <ClInclude Include="config.h">
      <Filter>Header Files\redis</Filter>
    </ClInclude>
    <ClInclude Include="dict.h">
      <Filter>Header Files\redis</Filter>
    </ClInclude>
    <ClInclude Include="fmacros.h">
      <Filter>Header Files\redis</Filter>
    </ClInclude>
    <ClInclude Include="hiredis.h">
      <Filter>Header Files\redis</Filter>
    </ClInclude>
    <ClInclude Include="mythShareMemList.hh">
      <Filter>Header Files</Filter>
    </ClInclude>
    <ClInclude Include="ShareMemory.hh">
      <Filter>Header Files</Filter>
    </ClInclude>
    <ClInclude Include="sds.h">
      <Filter>Header Files\redis</Filter>
    </ClInclude>
    <ClInclude Include="net.h">
      <Filter>Header Files\redis</Filter>
    </ClInclude>
    <ClInclude Include="tinyxml.h">
      <Filter>Header Files\tinyxml</Filter>
    </ClInclude>
    <ClInclude Include="tinystr.h">
      <Filter>Header Files\tinyxml</Filter>
    </ClInclude>
    <ClInclude Include="mythMediaPipeline.hh">
      <Filter>Header Files</Filter>
    </ClInclude>
    <ClInclude Include="mythFFmpegEncoder.hh">
      <Filter>Header Files</Filter>
    </ClInclude>
    <ClInclude Include="mythFFmpeg.hh">
      <Filter>Header Files</Filter>
    </ClInclude>
    <ClInclude Include="mythIniFile.hh">
      <Filter>Header Files</Filter>
    </ClInclude>
    <ClInclude Include="mythServerMap.hh">
      <Filter>Header Files</Filter>
    </ClInclude>
  </ItemGroup>
  <ItemGroup>
    <Library Include="libevent.lib" />
    <Library Include="libevent_core.lib" />
    <Library Include="libevent_extras.lib" />
  </ItemGroup>
  <ItemGroup>
    <None Include="Makefile" />
    <None Include="configure" />
  </ItemGroup>
</Project>