<?xml version="1.0" encoding="utf-8"?>
<Project ToolsVersion="4.0" xmlns="http://schemas.microsoft.com/developer/msbuild/2003">
  <ItemGroup>
    <Filter Include="Source Files">
      <UniqueIdentifier>{4FC737F1-C7A5-4376-A066-2A32D752A2FF}</UniqueIdentifier>
      <Extensions>cpp;c;cc;cxx;def;odl;idl;hpj;bat;asm;asmx</Extensions>
    </Filter>
    <Filter Include="Header Files">
      <UniqueIdentifier>{93995380-89BD-4b04-88EB-625FBE52EBFB}</UniqueIdentifier>
      <Extensions>h;hh;hpp;hxx;hm;inl;inc;xsd</Extensions>
    </Filter>
    <Filter Include="Resource Files">
      <UniqueIdentifier>{67DA6AB6-F800-4c08-8B7A-83BB121AAD01}</UniqueIdentifier>
      <Extensions>rc;ico;cur;bmp;dlg;rc2;rct;bin;rgs;gif;jpg;jpeg;jpe;resx;tiff;tif;png;wav;mfcribbon-ms</Extensions>
    </Filter>
    <Filter Include="Source Files\kernel">
      <UniqueIdentifier>{995419e5-55df-4815-a6d0-42556b6cf0a8}</UniqueIdentifier>
    </Filter>
    <Filter Include="Source Files\server">
      <UniqueIdentifier>{0e4b6c88-cccc-4cdb-a9f0-bb0180e2c498}</UniqueIdentifier>
    </Filter>
    <Filter Include="Source Files\decoder">
      <UniqueIdentifier>{7e858d2e-114f-41f1-a746-4268094ce88c}</UniqueIdentifier>
    </Filter>
    <Filter Include="Source Files\decoder\live555">
      <UniqueIdentifier>{6811bf3b-6bd8-4435-b3c9-f12dd9414fd7}</UniqueIdentifier>
    </Filter>
    <Filter Include="Source Files\decoder\stream">
      <UniqueIdentifier>{c343a895-7716-4252-b3db-da056478ab6e}</UniqueIdentifier>
    </Filter>
    <Filter Include="Source Files\client">
      <UniqueIdentifier>{5e963fbe-bdc6-47af-b9e6-826f633471df}</UniqueIdentifier>
    </Filter>
    <Filter Include="Source Files\decoder\proxy">
      <UniqueIdentifier>{1815b751-c014-4d10-afb1-323d24037f4f}</UniqueIdentifier>
    </Filter>
    <Filter Include="Source Files\kernel\ini">
      <UniqueIdentifier>{820ba1b3-197b-4716-b7d7-546f6c7a9e2d}</UniqueIdentifier>
    </Filter>
    <Filter Include="Header Files\redis">
      <UniqueIdentifier>{c95bd2fd-1fb6-400e-9335-679b28d07fa8}</UniqueIdentifier>
    </Filter>
    <Filter Include="Header Files\live555">
      <UniqueIdentifier>{614bc7d5-a4f3-4a57-9ebc-070c34c074bf}</UniqueIdentifier>
    </Filter>
    <Filter Include="Source Files\kernel\redis">
      <UniqueIdentifier>{c702efdd-a62c-4b98-9d19-4aec2ae6e6ed}</UniqueIdentifier>
    </Filter>
    <Filter Include="Source Files\kernel\tinyxml">
      <UniqueIdentifier>{5016caed-85de-405c-831f-770b200c243b}</UniqueIdentifier>
    </Filter>
    <Filter Include="Source Files\kernel\sql">
      <UniqueIdentifier>{c20dfe77-6a47-4c77-aac0-f9acc31a187d}</UniqueIdentifier>
    </Filter>
    <Filter Include="Source Files\kernel\list">
      <UniqueIdentifier>{18e4aa57-2a0a-4ab9-b7d6-eac7e75f68a5}</UniqueIdentifier>
    </Filter>
  </ItemGroup>
  <ItemGroup>
    <ClCompile Include="main.cpp">
      <Filter>Source Files</Filter>
    </ClCompile>
    <ClCompile Include="H264or5VideoStreamSink.cpp">
      <Filter>Source Files\decoder\live555</Filter>
    </ClCompile>
    <ClCompile Include="H264VideoStreamSink.cpp">
      <Filter>Source Files\decoder\live555</Filter>
    </ClCompile>
    <ClCompile Include="mythLive555Decoder.cpp">
      <Filter>Source Files\decoder\live555</Filter>
    </ClCompile>
    <ClCompile Include="mythRTSP.cpp">
      <Filter>Source Files\decoder\live555</Filter>
    </ClCompile>
    <ClCompile Include="OurRTSPClient.cpp">
      <Filter>Source Files\decoder\live555</Filter>
    </ClCompile>
    <ClCompile Include="StreamClientState.cpp">
      <Filter>Source Files\decoder\live555</Filter>
    </ClCompile>
    <ClCompile Include="tinystr.cpp">
      <Filter>Source Files\kernel\tinyxml</Filter>
    </ClCompile>
    <ClCompile Include="tinyxmlparser.cpp">
      <Filter>Source Files\kernel\tinyxml</Filter>
    </ClCompile>
    <ClCompile Include="tinyxmlerror.cpp">
      <Filter>Source Files\kernel\tinyxml</Filter>
    </ClCompile>
    <ClCompile Include="tinyxml.cpp">
      <Filter>Source Files\kernel\tinyxml</Filter>
    </ClCompile>
    <ClCompile Include="IniFile.c">
      <Filter>Source Files\kernel\ini</Filter>
    </ClCompile>
    <ClCompile Include="mythStreamMapServer.cpp">
      <Filter>Source Files\server</Filter>
    </ClCompile>
    <ClCompile Include="mythStreamServer.cpp">
      <Filter>Source Files\server</Filter>
    </ClCompile>
    <ClCompile Include="mythVirtualServer.cpp">
      <Filter>Source Files\server</Filter>
    </ClCompile>
    <ClCompile Include="mythBaseClient.cpp">
      <Filter>Source Files\client</Filter>
    </ClCompile>
    <ClCompile Include="mythStreamSQLresult.cpp">
      <Filter>Source Files\kernel\sql</Filter>
    </ClCompile>
    <ClCompile Include="mythVirtualSqlite.cpp">
      <Filter>Source Files\kernel\sql</Filter>
    </ClCompile>
    <ClCompile Include="mythUdp.cpp">
      <Filter>Source Files\client</Filter>
    </ClCompile>
    <ClCompile Include="StreamSink.cpp">
      <Filter>Source Files\decoder\live555</Filter>
    </ClCompile>
    <ClCompile Include="mythVirtualDecoder.cpp">
      <Filter>Source Files\decoder</Filter>
    </ClCompile>
    <ClCompile Include="mythUseageEnvironment.cpp">
      <Filter>Source Files\decoder\live555</Filter>
    </ClCompile>
    <ClCompile Include="mythProxyDecoder.cpp">
      <Filter>Source Files\decoder\proxy</Filter>
    </ClCompile>
    <ClCompile Include="mythStreamDecoder.cpp">
      <Filter>Source Files\decoder\stream</Filter>
    </ClCompile>
    <ClCompile Include="redis\async.c">
      <Filter>Source Files\kernel\redis</Filter>
    </ClCompile>
    <ClCompile Include="redis\dict.c">
      <Filter>Source Files\kernel\redis</Filter>
    </ClCompile>
    <ClCompile Include="redis\hiredis.c">
      <Filter>Source Files\kernel\redis</Filter>
    </ClCompile>
    <ClCompile Include="redis\net.c">
      <Filter>Source Files\kernel\redis</Filter>
    </ClCompile>
    <ClCompile Include="redis\sds.c">
      <Filter>Source Files\kernel\redis</Filter>
    </ClCompile>
    <ClCompile Include="mythAvlist.cpp">
      <Filter>Source Files\kernel\list</Filter>
    </ClCompile>
    <ClCompile Include="mythRedisList.cpp">
      <Filter>Source Files\kernel\list</Filter>
    </ClCompile>
    <ClCompile Include="mythVirtualList.cpp">
      <Filter>Source Files\kernel\list</Filter>
    </ClCompile>
    <ClCompile Include="MythSocket.cpp">
      <Filter>Source Files\client</Filter>
    </ClCompile>
    <ClCompile Include="mythListFactory.cpp">
      <Filter>Source Files\kernel\list</Filter>
    </ClCompile>
  </ItemGroup>
  <ItemGroup>
    <ClInclude Include="mythAvlist.hh">
      <Filter>Header Files</Filter>
    </ClInclude>
    <ClInclude Include="MythConfig.hh">
      <Filter>Header Files</Filter>
    </ClInclude>
    <ClInclude Include="mythStreamServer.hh">
      <Filter>Header Files</Filter>
    </ClInclude>
    <ClInclude Include="mythStreamMapServer.hh">
      <Filter>Header Files</Filter>
    </ClInclude>
    <ClInclude Include="mythBaseClient.hh">
      <Filter>Header Files</Filter>
    </ClInclude>
    <ClInclude Include="mythStreamSQLresult.hh">
      <Filter>Header Files</Filter>
    </ClInclude>
    <ClInclude Include="mythVirtualDecoder.hh">
      <Filter>Header Files</Filter>
    </ClInclude>
    <ClInclude Include="mythVirtualServer.hh">
      <Filter>Header Files</Filter>
    </ClInclude>
    <ClInclude Include="tinyxml.h">
      <Filter>Header Files</Filter>
    </ClInclude>
    <ClInclude Include="tinystr.h">
      <Filter>Header Files</Filter>
    </ClInclude>
    <ClInclude Include="mythVirtualSqlite.hh">
      <Filter>Header Files</Filter>
    </ClInclude>
    <ClInclude Include="IniFile.h">
      <Filter>Header Files</Filter>
    </ClInclude>
    <ClInclude Include="mythUdp.hh">
      <Filter>Header Files</Filter>
    </ClInclude>
    <ClInclude Include="mythProxyDecoder.hh">
      <Filter>Header Files</Filter>
    </ClInclude>
    <ClInclude Include="mythStreamDecoder.hh">
      <Filter>Header Files</Filter>
    </ClInclude>
    <ClInclude Include="mythVirtualList.hh">
      <Filter>Header Files</Filter>
    </ClInclude>
    <ClInclude Include="mythRedisList.hh">
      <Filter>Header Files</Filter>
    </ClInclude>
    <ClInclude Include="redis\async.h">
      <Filter>Header Files\redis</Filter>
    </ClInclude>
    <ClInclude Include="redis\config.h">
      <Filter>Header Files\redis</Filter>
    </ClInclude>
    <ClInclude Include="redis\dict.h">
      <Filter>Header Files\redis</Filter>
    </ClInclude>
    <ClInclude Include="redis\fmacros.h">
      <Filter>Header Files\redis</Filter>
    </ClInclude>
    <ClInclude Include="redis\hiredis.h">
      <Filter>Header Files\redis</Filter>
    </ClInclude>
    <ClInclude Include="H264or5VideoStreamSink.hh">
      <Filter>Header Files\live555</Filter>
    </ClInclude>
    <ClInclude Include="H264VideoStreamSink.hh">
      <Filter>Header Files\live555</Filter>
    </ClInclude>
    <ClInclude Include="mythUseageEnvironment.hh">
      <Filter>Header Files\live555</Filter>
    </ClInclude>
    <ClInclude Include="OurRTSPClient.hh">
      <Filter>Header Files\live555</Filter>
    </ClInclude>
    <ClInclude Include="StreamClientState.hh">
      <Filter>Header Files\live555</Filter>
    </ClInclude>
    <ClInclude Include="StreamSink.hh">
      <Filter>Header Files\live555</Filter>
    </ClInclude>
    <ClInclude Include="mythRTSP.hh">
      <Filter>Header Files\live555</Filter>
    </ClInclude>
    <ClInclude Include="redis\net.h">
      <Filter>Header Files\redis</Filter>
    </ClInclude>
    <ClInclude Include="redis\sds.h">
      <Filter>Header Files\redis</Filter>
    </ClInclude>
    <ClInclude Include="mythListFactory.hh">
      <Filter>Header Files</Filter>
    </ClInclude>
    <ClInclude Include="MythSocket.hh">
      <Filter>Header Files</Filter>
    </ClInclude>
  </ItemGroup>
</Project>