<?xml version="1.0" encoding="utf-8"?>
<Project ToolsVersion="4.0" xmlns="http://schemas.microsoft.com/developer/msbuild/2003">
  <ItemGroup>
    <Filter Include="Source Files">
      <UniqueIdentifier>{4FC737F1-C7A5-4376-A066-2A32D752A2FF}</UniqueIdentifier>
      <Extensions>cpp;c;cc;cxx;def;odl;idl;hpj;bat;asm;asmx</Extensions>
    </Filter>
    <Filter Include="Header Files">
      <UniqueIdentifier>{93995380-89BD-4b04-88EB-625FBE52EBFB}</UniqueIdentifier>
      <Extensions>h;hh;hpp;hxx;hm;inl;inc;xsd</Extensions>
    </Filter>
    <Filter Include="Resource Files">
      <UniqueIdentifier>{67DA6AB6-F800-4c08-8B7A-83BB121AAD01}</UniqueIdentifier>
      <Extensions>rc;ico;cur;bmp;dlg;rc2;rct;bin;rgs;gif;jpg;jpeg;jpe;resx;tiff;tif;png;wav;mfcribbon-ms</Extensions>
    </Filter>
    <Filter Include="Source Files\kernel">
      <UniqueIdentifier>{995419e5-55df-4815-a6d0-42556b6cf0a8}</UniqueIdentifier>
    </Filter>
    <Filter Include="Source Files\server">
      <UniqueIdentifier>{0e4b6c88-cccc-4cdb-a9f0-bb0180e2c498}</UniqueIdentifier>
    </Filter>
    <Filter Include="Source Files\decoder">
      <UniqueIdentifier>{7e858d2e-114f-41f1-a746-4268094ce88c}</UniqueIdentifier>
    </Filter>
    <Filter Include="Source Files\decoder\live555">
      <UniqueIdentifier>{6811bf3b-6bd8-4435-b3c9-f12dd9414fd7}</UniqueIdentifier>
    </Filter>
    <Filter Include="Source Files\decoder\stream">
      <UniqueIdentifier>{c343a895-7716-4252-b3db-da056478ab6e}</UniqueIdentifier>
    </Filter>
    <Filter Include="Source Files\client">
      <UniqueIdentifier>{5e963fbe-bdc6-47af-b9e6-826f633471df}</UniqueIdentifier>
    </Filter>
    <Filter Include="Source Files\decoder\proxy">
      <UniqueIdentifier>{1815b751-c014-4d10-afb1-323d24037f4f}</UniqueIdentifier>
    </Filter>
    <Filter Include="Source Files\kernel\ini">
      <UniqueIdentifier>{820ba1b3-197b-4716-b7d7-546f6c7a9e2d}</UniqueIdentifier>
    </Filter>
    <Filter Include="Header Files\live555">
      <UniqueIdentifier>{614bc7d5-a4f3-4a57-9ebc-070c34c074bf}</UniqueIdentifier>
    </Filter>
    <Filter Include="Source Files\kernel\tinyxml">
      <UniqueIdentifier>{5016caed-85de-405c-831f-770b200c243b}</UniqueIdentifier>
    </Filter>
    <Filter Include="Source Files\kernel\sql">
      <UniqueIdentifier>{c20dfe77-6a47-4c77-aac0-f9acc31a187d}</UniqueIdentifier>
    </Filter>
    <Filter Include="Source Files\kernel\list">
      <UniqueIdentifier>{18e4aa57-2a0a-4ab9-b7d6-eac7e75f68a5}</UniqueIdentifier>
    </Filter>
    <Filter Include="Header Files\tinyxml">
      <UniqueIdentifier>{b3670980-68a9-4273-b673-3d591e139ad2}</UniqueIdentifier>
    </Filter>
    <Filter Include="Source Files\main">
      <UniqueIdentifier>{4604d2e4-ab38-43c4-a0a7-0128c26791b3}</UniqueIdentifier>
    </Filter>
    <Filter Include="Source Files\kernel\mediapipeline">
      <UniqueIdentifier>{33be486f-2ccb-43e3-811a-0e75424279ad}</UniqueIdentifier>
    </Filter>
    <Filter Include="Source Files\decoder\h264">
      <UniqueIdentifier>{bbccc547-6a8f-4f5e-bd93-6e9f48032c61}</UniqueIdentifier>
    </Filter>
    <Filter Include="Source Files\kernel\log">
      <UniqueIdentifier>{ef6e9e3c-182f-480a-899f-12b223cf232d}</UniqueIdentifier>
    </Filter>
    <Filter Include="Source Files\kernel\parser">
      <UniqueIdentifier>{256add16-6c63-4d74-8293-72b879f32293}</UniqueIdentifier>
    </Filter>
    <Filter Include="Source Files\kernel\live555-core">
      <UniqueIdentifier>{dd15b403-c1fa-4fc9-a5fb-cb0e8768cd78}</UniqueIdentifier>
    </Filter>
    <Filter Include="Source Files\kernel\live555-core\BasicUsageEnvironment">
      <UniqueIdentifier>{26de2061-9d89-4130-8dd8-22a925f5223b}</UniqueIdentifier>
    </Filter>
    <Filter Include="Source Files\kernel\live555-core\groupsock">
      <UniqueIdentifier>{ab3d1833-7c9d-4a72-8b85-59e3191c107f}</UniqueIdentifier>
    </Filter>
    <Filter Include="Source Files\kernel\live555-core\liveMedia">
      <UniqueIdentifier>{1f184628-ce1f-49fc-86e0-ac505e730762}</UniqueIdentifier>
    </Filter>
    <Filter Include="Source Files\kernel\live555-core\UsageEnvironment">
      <UniqueIdentifier>{3c25aab4-1772-4c9f-8e67-24f2d6e5b579}</UniqueIdentifier>
    </Filter>
  </ItemGroup>
  <ItemGroup>
    <ClCompile Include="main.cpp">
      <Filter>Source Files</Filter>
    </ClCompile>
    <ClCompile Include="H264or5VideoStreamSink.cpp">
      <Filter>Source Files\decoder\live555</Filter>
    </ClCompile>
    <ClCompile Include="H264VideoStreamSink.cpp">
      <Filter>Source Files\decoder\live555</Filter>
    </ClCompile>
    <ClCompile Include="mythLive555Decoder.cpp">
      <Filter>Source Files\decoder\live555</Filter>
    </ClCompile>
    <ClCompile Include="mythRTSP.cpp">
      <Filter>Source Files\decoder\live555</Filter>
    </ClCompile>
    <ClCompile Include="OurRTSPClient.cpp">
      <Filter>Source Files\decoder\live555</Filter>
    </ClCompile>
    <ClCompile Include="StreamClientState.cpp">
      <Filter>Source Files\decoder\live555</Filter>
    </ClCompile>
    <ClCompile Include="tinystr.cpp">
      <Filter>Source Files\kernel\tinyxml</Filter>
    </ClCompile>
    <ClCompile Include="tinyxmlparser.cpp">
      <Filter>Source Files\kernel\tinyxml</Filter>
    </ClCompile>
    <ClCompile Include="tinyxmlerror.cpp">
      <Filter>Source Files\kernel\tinyxml</Filter>
    </ClCompile>
    <ClCompile Include="tinyxml.cpp">
      <Filter>Source Files\kernel\tinyxml</Filter>
    </ClCompile>
    <ClCompile Include="IniFile.c">
      <Filter>Source Files\kernel\ini</Filter>
    </ClCompile>
    <ClCompile Include="mythStreamMapServer.cpp">
      <Filter>Source Files\server</Filter>
    </ClCompile>
    <ClCompile Include="mythStreamServer.cpp">
      <Filter>Source Files\server</Filter>
    </ClCompile>
    <ClCompile Include="mythBaseClient.cpp">
      <Filter>Source Files\client</Filter>
    </ClCompile>
    <ClCompile Include="mythStreamSQLresult.cpp">
      <Filter>Source Files\kernel\sql</Filter>
    </ClCompile>
    <ClCompile Include="mythVirtualSqlite.cpp">
      <Filter>Source Files\kernel\sql</Filter>
    </ClCompile>
    <ClCompile Include="StreamSink.cpp">
      <Filter>Source Files\decoder\live555</Filter>
    </ClCompile>
    <ClCompile Include="mythVirtualDecoder.cpp">
      <Filter>Source Files\decoder</Filter>
    </ClCompile>
    <ClCompile Include="mythUseageEnvironment.cpp">
      <Filter>Source Files\decoder\live555</Filter>
    </ClCompile>
    <ClCompile Include="mythProxyDecoder.cpp">
      <Filter>Source Files\decoder\proxy</Filter>
    </ClCompile>
    <ClCompile Include="mythStreamDecoder.cpp">
      <Filter>Source Files\decoder\stream</Filter>
    </ClCompile>
    <ClCompile Include="mythAvlist.cpp">
      <Filter>Source Files\kernel\list</Filter>
    </ClCompile>
    <ClCompile Include="mythVirtualList.cpp">
      <Filter>Source Files\kernel\list</Filter>
    </ClCompile>
    <ClCompile Include="MythSocket.cpp">
      <Filter>Source Files\client</Filter>
    </ClCompile>
    <ClCompile Include="mythListFactory.cpp">
      <Filter>Source Files\kernel\list</Filter>
    </ClCompile>
    <ClCompile Include="mythGlobal.cpp">
      <Filter>Source Files\kernel</Filter>
    </ClCompile>
    <ClCompile Include="SingleMain.cpp">
      <Filter>Source Files\main</Filter>
    </ClCompile>
    <ClCompile Include="MainInclude.hh">
      <Filter>Header Files</Filter>
    </ClCompile>
    <ClCompile Include="mythFFmpegEncoder.cpp">
      <Filter>Source Files\kernel\mediapipeline</Filter>
    </ClCompile>
    <ClCompile Include="mythFFmpeg.cpp">
      <Filter>Source Files\kernel\mediapipeline</Filter>
    </ClCompile>
    <ClCompile Include="mythMediaPipeline.cpp">
      <Filter>Source Files\kernel\mediapipeline</Filter>
    </ClCompile>
    <ClCompile Include="mythIniFile.cpp">
      <Filter>Source Files\kernel\ini</Filter>
    </ClCompile>
    <ClCompile Include="mythServerMap.cpp">
      <Filter>Source Files\kernel</Filter>
    </ClCompile>
    <ClCompile Include="mythNodeList.cpp">
      <Filter>Source Files\kernel\list</Filter>
    </ClCompile>
    <ClCompile Include="mythH264Decoder.cpp">
      <Filter>Source Files\decoder\h264</Filter>
    </ClCompile>
    <ClCompile Include="mythLog.cpp">
      <Filter>Source Files\kernel\log</Filter>
    </ClCompile>
    <ClCompile Include="mythRequestParser.cpp">
      <Filter>Source Files\kernel\parser</Filter>
    </ClCompile>
    <ClCompile Include="DummySink.cpp">
      <Filter>Source Files\decoder\live555</Filter>
    </ClCompile>
    <ClCompile Include="mythClientFactory.cpp">
      <Filter>Source Files\client</Filter>
    </ClCompile>
    <ClCompile Include="mythFLVClient.cpp">
      <Filter>Source Files\client</Filter>
    </ClCompile>
    <ClCompile Include="mythH264Client.cpp">
      <Filter>Source Files\client</Filter>
    </ClCompile>
    <ClCompile Include="mythStreamClient.cpp">
      <Filter>Source Files\client</Filter>
    </ClCompile>
    <ClCompile Include="..\live555\BasicUsageEnvironment\BasicHashTable.cpp">
      <Filter>Source Files\kernel\live555-core\BasicUsageEnvironment</Filter>
    </ClCompile>
    <ClCompile Include="..\live555\BasicUsageEnvironment\BasicTaskScheduler.cpp">
      <Filter>Source Files\kernel\live555-core\BasicUsageEnvironment</Filter>
    </ClCompile>
    <ClCompile Include="..\live555\BasicUsageEnvironment\BasicTaskScheduler0.cpp">
      <Filter>Source Files\kernel\live555-core\BasicUsageEnvironment</Filter>
    </ClCompile>
    <ClCompile Include="..\live555\BasicUsageEnvironment\BasicUsageEnvironment.cpp">
      <Filter>Source Files\kernel\live555-core\BasicUsageEnvironment</Filter>
    </ClCompile>
    <ClCompile Include="..\live555\BasicUsageEnvironment\BasicUsageEnvironment0.cpp">
      <Filter>Source Files\kernel\live555-core\BasicUsageEnvironment</Filter>
    </ClCompile>
    <ClCompile Include="..\live555\BasicUsageEnvironment\DelayQueue.cpp">
      <Filter>Source Files\kernel\live555-core\BasicUsageEnvironment</Filter>
    </ClCompile>
    <ClCompile Include="..\live555\groupsock\GroupEId.cpp">
      <Filter>Source Files\kernel\live555-core\groupsock</Filter>
    </ClCompile>
    <ClCompile Include="..\live555\groupsock\Groupsock.cpp">
      <Filter>Source Files\kernel\live555-core\groupsock</Filter>
    </ClCompile>
    <ClCompile Include="..\live555\groupsock\GroupsockHelper.cpp">
      <Filter>Source Files\kernel\live555-core\groupsock</Filter>
    </ClCompile>
    <ClCompile Include="..\live555\groupsock\inet.c">
      <Filter>Source Files\kernel\live555-core\groupsock</Filter>
    </ClCompile>
    <ClCompile Include="..\live555\groupsock\IOHandlers.cpp">
      <Filter>Source Files\kernel\live555-core\groupsock</Filter>
    </ClCompile>
    <ClCompile Include="..\live555\groupsock\NetAddress.cpp">
      <Filter>Source Files\kernel\live555-core\groupsock</Filter>
    </ClCompile>
    <ClCompile Include="..\live555\groupsock\NetInterface.cpp">
      <Filter>Source Files\kernel\live555-core\groupsock</Filter>
    </ClCompile>
    <ClCompile Include="..\live555\liveMedia\AC3AudioFileServerMediaSubsession.cpp">
      <Filter>Source Files\kernel\live555-core\liveMedia</Filter>
    </ClCompile>
    <ClCompile Include="..\live555\liveMedia\AC3AudioRTPSink.cpp">
      <Filter>Source Files\kernel\live555-core\liveMedia</Filter>
    </ClCompile>
    <ClCompile Include="..\live555\liveMedia\AC3AudioRTPSource.cpp">
      <Filter>Source Files\kernel\live555-core\liveMedia</Filter>
    </ClCompile>
    <ClCompile Include="..\live555\liveMedia\AC3AudioStreamFramer.cpp">
      <Filter>Source Files\kernel\live555-core\liveMedia</Filter>
    </ClCompile>
    <ClCompile Include="..\live555\liveMedia\ADTSAudioFileServerMediaSubsession.cpp">
      <Filter>Source Files\kernel\live555-core\liveMedia</Filter>
    </ClCompile>
    <ClCompile Include="..\live555\liveMedia\ADTSAudioFileSource.cpp">
      <Filter>Source Files\kernel\live555-core\liveMedia</Filter>
    </ClCompile>
    <ClCompile Include="..\live555\liveMedia\AMRAudioFileServerMediaSubsession.cpp">
      <Filter>Source Files\kernel\live555-core\liveMedia</Filter>
    </ClCompile>
    <ClCompile Include="..\live555\liveMedia\AMRAudioFileSink.cpp">
      <Filter>Source Files\kernel\live555-core\liveMedia</Filter>
    </ClCompile>
    <ClCompile Include="..\live555\liveMedia\AMRAudioFileSource.cpp">
      <Filter>Source Files\kernel\live555-core\liveMedia</Filter>
    </ClCompile>
    <ClCompile Include="..\live555\liveMedia\AMRAudioRTPSink.cpp">
      <Filter>Source Files\kernel\live555-core\liveMedia</Filter>
    </ClCompile>
    <ClCompile Include="..\live555\liveMedia\AMRAudioRTPSource.cpp">
      <Filter>Source Files\kernel\live555-core\liveMedia</Filter>
    </ClCompile>
    <ClCompile Include="..\live555\liveMedia\AMRAudioSource.cpp">
      <Filter>Source Files\kernel\live555-core\liveMedia</Filter>
    </ClCompile>
    <ClCompile Include="..\live555\liveMedia\AudioInputDevice.cpp">
      <Filter>Source Files\kernel\live555-core\liveMedia</Filter>
    </ClCompile>
    <ClCompile Include="..\live555\liveMedia\AudioRTPSink.cpp">
      <Filter>Source Files\kernel\live555-core\liveMedia</Filter>
    </ClCompile>
    <ClCompile Include="..\live555\liveMedia\AVIFileSink.cpp">
      <Filter>Source Files\kernel\live555-core\liveMedia</Filter>
    </ClCompile>
    <ClCompile Include="..\live555\liveMedia\Base64.cpp">
      <Filter>Source Files\kernel\live555-core\liveMedia</Filter>
    </ClCompile>
    <ClCompile Include="..\live555\liveMedia\BasicUDPSink.cpp">
      <Filter>Source Files\kernel\live555-core\liveMedia</Filter>
    </ClCompile>
    <ClCompile Include="..\live555\liveMedia\BasicUDPSource.cpp">
      <Filter>Source Files\kernel\live555-core\liveMedia</Filter>
    </ClCompile>
    <ClCompile Include="..\live555\liveMedia\BitVector.cpp">
      <Filter>Source Files\kernel\live555-core\liveMedia</Filter>
    </ClCompile>
    <ClCompile Include="..\live555\liveMedia\ByteStreamFileSource.cpp">
      <Filter>Source Files\kernel\live555-core\liveMedia</Filter>
    </ClCompile>
    <ClCompile Include="..\live555\liveMedia\ByteStreamMemoryBufferSource.cpp">
      <Filter>Source Files\kernel\live555-core\liveMedia</Filter>
    </ClCompile>
    <ClCompile Include="..\live555\liveMedia\ByteStreamMultiFileSource.cpp">
      <Filter>Source Files\kernel\live555-core\liveMedia</Filter>
    </ClCompile>
    <ClCompile Include="..\live555\liveMedia\DeviceSource.cpp">
      <Filter>Source Files\kernel\live555-core\liveMedia</Filter>
    </ClCompile>
    <ClCompile Include="..\live555\liveMedia\DigestAuthentication.cpp">
      <Filter>Source Files\kernel\live555-core\liveMedia</Filter>
    </ClCompile>
    <ClCompile Include="..\live555\liveMedia\DVVideoFileServerMediaSubsession.cpp">
      <Filter>Source Files\kernel\live555-core\liveMedia</Filter>
    </ClCompile>
    <ClCompile Include="..\live555\liveMedia\DVVideoRTPSink.cpp">
      <Filter>Source Files\kernel\live555-core\liveMedia</Filter>
    </ClCompile>
    <ClCompile Include="..\live555\liveMedia\DVVideoRTPSource.cpp">
      <Filter>Source Files\kernel\live555-core\liveMedia</Filter>
    </ClCompile>
    <ClCompile Include="..\live555\liveMedia\DVVideoStreamFramer.cpp">
      <Filter>Source Files\kernel\live555-core\liveMedia</Filter>
    </ClCompile>
    <ClCompile Include="..\live555\liveMedia\EBMLNumber.cpp">
      <Filter>Source Files\kernel\live555-core\liveMedia</Filter>
    </ClCompile>
    <ClCompile Include="..\live555\liveMedia\FileServerMediaSubsession.cpp">
      <Filter>Source Files\kernel\live555-core\liveMedia</Filter>
    </ClCompile>
    <ClCompile Include="..\live555\liveMedia\FileSink.cpp">
      <Filter>Source Files\kernel\live555-core\liveMedia</Filter>
    </ClCompile>
    <ClCompile Include="..\live555\liveMedia\FramedFileSource.cpp">
      <Filter>Source Files\kernel\live555-core\liveMedia</Filter>
    </ClCompile>
    <ClCompile Include="..\live555\liveMedia\FramedFilter.cpp">
      <Filter>Source Files\kernel\live555-core\liveMedia</Filter>
    </ClCompile>
    <ClCompile Include="..\live555\liveMedia\FramedSource.cpp">
      <Filter>Source Files\kernel\live555-core\liveMedia</Filter>
    </ClCompile>
    <ClCompile Include="..\live555\liveMedia\GenericMediaServer.cpp">
      <Filter>Source Files\kernel\live555-core\liveMedia</Filter>
    </ClCompile>
    <ClCompile Include="..\live555\liveMedia\GSMAudioRTPSink.cpp">
      <Filter>Source Files\kernel\live555-core\liveMedia</Filter>
    </ClCompile>
    <ClCompile Include="..\live555\liveMedia\H261VideoRTPSource.cpp">
      <Filter>Source Files\kernel\live555-core\liveMedia</Filter>
    </ClCompile>
    <ClCompile Include="..\live555\liveMedia\H263plusVideoFileServerMediaSubsession.cpp">
      <Filter>Source Files\kernel\live555-core\liveMedia</Filter>
    </ClCompile>
    <ClCompile Include="..\live555\liveMedia\H263plusVideoRTPSink.cpp">
      <Filter>Source Files\kernel\live555-core\liveMedia</Filter>
    </ClCompile>
    <ClCompile Include="..\live555\liveMedia\H263plusVideoRTPSource.cpp">
      <Filter>Source Files\kernel\live555-core\liveMedia</Filter>
    </ClCompile>
    <ClCompile Include="..\live555\liveMedia\H263plusVideoStreamFramer.cpp">
      <Filter>Source Files\kernel\live555-core\liveMedia</Filter>
    </ClCompile>
    <ClCompile Include="..\live555\liveMedia\H263plusVideoStreamParser.cpp">
      <Filter>Source Files\kernel\live555-core\liveMedia</Filter>
    </ClCompile>
    <ClCompile Include="..\live555\liveMedia\H264or5VideoFileSink.cpp">
      <Filter>Source Files\kernel\live555-core\liveMedia</Filter>
    </ClCompile>
    <ClCompile Include="..\live555\liveMedia\H264or5VideoRTPSink.cpp">
      <Filter>Source Files\kernel\live555-core\liveMedia</Filter>
    </ClCompile>
    <ClCompile Include="..\live555\liveMedia\H264or5VideoStreamDiscreteFramer.cpp">
      <Filter>Source Files\kernel\live555-core\liveMedia</Filter>
    </ClCompile>
    <ClCompile Include="..\live555\liveMedia\H264or5VideoStreamFramer.cpp">
      <Filter>Source Files\kernel\live555-core\liveMedia</Filter>
    </ClCompile>
    <ClCompile Include="..\live555\liveMedia\H264VideoFileServerMediaSubsession.cpp">
      <Filter>Source Files\kernel\live555-core\liveMedia</Filter>
    </ClCompile>
    <ClCompile Include="..\live555\liveMedia\H264VideoFileSink.cpp">
      <Filter>Source Files\kernel\live555-core\liveMedia</Filter>
    </ClCompile>
    <ClCompile Include="..\live555\liveMedia\H264VideoRTPSink.cpp">
      <Filter>Source Files\kernel\live555-core\liveMedia</Filter>
    </ClCompile>
    <ClCompile Include="..\live555\liveMedia\H264VideoRTPSource.cpp">
      <Filter>Source Files\kernel\live555-core\liveMedia</Filter>
    </ClCompile>
    <ClCompile Include="..\live555\liveMedia\H264VideoStreamDiscreteFramer.cpp">
      <Filter>Source Files\kernel\live555-core\liveMedia</Filter>
    </ClCompile>
    <ClCompile Include="..\live555\liveMedia\H264VideoStreamFramer.cpp">
      <Filter>Source Files\kernel\live555-core\liveMedia</Filter>
    </ClCompile>
    <ClCompile Include="..\live555\liveMedia\H265VideoFileServerMediaSubsession.cpp">
      <Filter>Source Files\kernel\live555-core\liveMedia</Filter>
    </ClCompile>
    <ClCompile Include="..\live555\liveMedia\H265VideoFileSink.cpp">
      <Filter>Source Files\kernel\live555-core\liveMedia</Filter>
    </ClCompile>
    <ClCompile Include="..\live555\liveMedia\H265VideoRTPSink.cpp">
      <Filter>Source Files\kernel\live555-core\liveMedia</Filter>
    </ClCompile>
    <ClCompile Include="..\live555\liveMedia\H265VideoRTPSource.cpp">
      <Filter>Source Files\kernel\live555-core\liveMedia</Filter>
    </ClCompile>
    <ClCompile Include="..\live555\liveMedia\H265VideoStreamDiscreteFramer.cpp">
      <Filter>Source Files\kernel\live555-core\liveMedia</Filter>
    </ClCompile>
    <ClCompile Include="..\live555\liveMedia\H265VideoStreamFramer.cpp">
      <Filter>Source Files\kernel\live555-core\liveMedia</Filter>
    </ClCompile>
    <ClCompile Include="..\live555\liveMedia\InputFile.cpp">
      <Filter>Source Files\kernel\live555-core\liveMedia</Filter>
    </ClCompile>
    <ClCompile Include="..\live555\liveMedia\JPEGVideoRTPSink.cpp">
      <Filter>Source Files\kernel\live555-core\liveMedia</Filter>
    </ClCompile>
    <ClCompile Include="..\live555\liveMedia\JPEGVideoRTPSource.cpp">
      <Filter>Source Files\kernel\live555-core\liveMedia</Filter>
    </ClCompile>
    <ClCompile Include="..\live555\liveMedia\JPEGVideoSource.cpp">
      <Filter>Source Files\kernel\live555-core\liveMedia</Filter>
    </ClCompile>
    <ClCompile Include="..\live555\liveMedia\Locale.cpp">
      <Filter>Source Files\kernel\live555-core\liveMedia</Filter>
    </ClCompile>
    <ClCompile Include="..\live555\liveMedia\MatroskaDemuxedTrack.cpp">
      <Filter>Source Files\kernel\live555-core\liveMedia</Filter>
    </ClCompile>
    <ClCompile Include="..\live555\liveMedia\MatroskaFile.cpp">
      <Filter>Source Files\kernel\live555-core\liveMedia</Filter>
    </ClCompile>
    <ClCompile Include="..\live555\liveMedia\MatroskaFileParser.cpp">
      <Filter>Source Files\kernel\live555-core\liveMedia</Filter>
    </ClCompile>
    <ClCompile Include="..\live555\liveMedia\MatroskaFileServerDemux.cpp">
      <Filter>Source Files\kernel\live555-core\liveMedia</Filter>
    </ClCompile>
    <ClCompile Include="..\live555\liveMedia\MatroskaFileServerMediaSubsession.cpp">
      <Filter>Source Files\kernel\live555-core\liveMedia</Filter>
    </ClCompile>
    <ClCompile Include="..\live555\liveMedia\Media.cpp">
      <Filter>Source Files\kernel\live555-core\liveMedia</Filter>
    </ClCompile>
    <ClCompile Include="..\live555\liveMedia\MediaSession.cpp">
      <Filter>Source Files\kernel\live555-core\liveMedia</Filter>
    </ClCompile>
    <ClCompile Include="..\live555\liveMedia\MediaSink.cpp">
      <Filter>Source Files\kernel\live555-core\liveMedia</Filter>
    </ClCompile>
    <ClCompile Include="..\live555\liveMedia\MediaSource.cpp">
      <Filter>Source Files\kernel\live555-core\liveMedia</Filter>
    </ClCompile>
    <ClCompile Include="..\live555\liveMedia\MP3ADU.cpp">
      <Filter>Source Files\kernel\live555-core\liveMedia</Filter>
    </ClCompile>
    <ClCompile Include="..\live555\liveMedia\MP3ADUdescriptor.cpp">
      <Filter>Source Files\kernel\live555-core\liveMedia</Filter>
    </ClCompile>
    <ClCompile Include="..\live555\liveMedia\MP3ADUinterleaving.cpp">
      <Filter>Source Files\kernel\live555-core\liveMedia</Filter>
    </ClCompile>
    <ClCompile Include="..\live555\liveMedia\MP3ADURTPSink.cpp">
      <Filter>Source Files\kernel\live555-core\liveMedia</Filter>
    </ClCompile>
    <ClCompile Include="..\live555\liveMedia\MP3ADURTPSource.cpp">
      <Filter>Source Files\kernel\live555-core\liveMedia</Filter>
    </ClCompile>
    <ClCompile Include="..\live555\liveMedia\MP3ADUTranscoder.cpp">
      <Filter>Source Files\kernel\live555-core\liveMedia</Filter>
    </ClCompile>
    <ClCompile Include="..\live555\liveMedia\MP3AudioFileServerMediaSubsession.cpp">
      <Filter>Source Files\kernel\live555-core\liveMedia</Filter>
    </ClCompile>
    <ClCompile Include="..\live555\liveMedia\MP3AudioMatroskaFileServerMediaSubsession.cpp">
      <Filter>Source Files\kernel\live555-core\liveMedia</Filter>
    </ClCompile>
    <ClCompile Include="..\live555\liveMedia\MP3FileSource.cpp">
      <Filter>Source Files\kernel\live555-core\liveMedia</Filter>
    </ClCompile>
    <ClCompile Include="..\live555\liveMedia\MP3Internals.cpp">
      <Filter>Source Files\kernel\live555-core\liveMedia</Filter>
    </ClCompile>
    <ClCompile Include="..\live555\liveMedia\MP3InternalsHuffman.cpp">
      <Filter>Source Files\kernel\live555-core\liveMedia</Filter>
    </ClCompile>
    <ClCompile Include="..\live555\liveMedia\MP3InternalsHuffmanTable.cpp">
      <Filter>Source Files\kernel\live555-core\liveMedia</Filter>
    </ClCompile>
    <ClCompile Include="..\live555\liveMedia\MP3StreamState.cpp">
      <Filter>Source Files\kernel\live555-core\liveMedia</Filter>
    </ClCompile>
    <ClCompile Include="..\live555\liveMedia\MP3Transcoder.cpp">
      <Filter>Source Files\kernel\live555-core\liveMedia</Filter>
    </ClCompile>
    <ClCompile Include="..\live555\liveMedia\MPEG1or2AudioRTPSink.cpp">
      <Filter>Source Files\kernel\live555-core\liveMedia</Filter>
    </ClCompile>
    <ClCompile Include="..\live555\liveMedia\MPEG1or2AudioRTPSource.cpp">
      <Filter>Source Files\kernel\live555-core\liveMedia</Filter>
    </ClCompile>
    <ClCompile Include="..\live555\liveMedia\MPEG1or2AudioStreamFramer.cpp">
      <Filter>Source Files\kernel\live555-core\liveMedia</Filter>
    </ClCompile>
    <ClCompile Include="..\live555\liveMedia\MPEG1or2Demux.cpp">
      <Filter>Source Files\kernel\live555-core\liveMedia</Filter>
    </ClCompile>
    <ClCompile Include="..\live555\liveMedia\MPEG1or2DemuxedElementaryStream.cpp">
      <Filter>Source Files\kernel\live555-core\liveMedia</Filter>
    </ClCompile>
    <ClCompile Include="..\live555\liveMedia\MPEG1or2DemuxedServerMediaSubsession.cpp">
      <Filter>Source Files\kernel\live555-core\liveMedia</Filter>
    </ClCompile>
    <ClCompile Include="..\live555\liveMedia\MPEG1or2FileServerDemux.cpp">
      <Filter>Source Files\kernel\live555-core\liveMedia</Filter>
    </ClCompile>
    <ClCompile Include="..\live555\liveMedia\MPEG1or2VideoFileServerMediaSubsession.cpp">
      <Filter>Source Files\kernel\live555-core\liveMedia</Filter>
    </ClCompile>
    <ClCompile Include="..\live555\liveMedia\MPEG1or2VideoRTPSink.cpp">
      <Filter>Source Files\kernel\live555-core\liveMedia</Filter>
    </ClCompile>
    <ClCompile Include="..\live555\liveMedia\MPEG1or2VideoRTPSource.cpp">
      <Filter>Source Files\kernel\live555-core\liveMedia</Filter>
    </ClCompile>
    <ClCompile Include="..\live555\liveMedia\MPEG1or2VideoStreamDiscreteFramer.cpp">
      <Filter>Source Files\kernel\live555-core\liveMedia</Filter>
    </ClCompile>
    <ClCompile Include="..\live555\liveMedia\MPEG1or2VideoStreamFramer.cpp">
      <Filter>Source Files\kernel\live555-core\liveMedia</Filter>
    </ClCompile>
    <ClCompile Include="..\live555\liveMedia\MPEG2IndexFromTransportStream.cpp">
      <Filter>Source Files\kernel\live555-core\liveMedia</Filter>
    </ClCompile>
    <ClCompile Include="..\live555\liveMedia\MPEG2TransportFileServerMediaSubsession.cpp">
      <Filter>Source Files\kernel\live555-core\liveMedia</Filter>
    </ClCompile>
    <ClCompile Include="..\live555\liveMedia\MPEG2TransportStreamFramer.cpp">
      <Filter>Source Files\kernel\live555-core\liveMedia</Filter>
    </ClCompile>
    <ClCompile Include="..\live555\liveMedia\MPEG2TransportStreamFromESSource.cpp">
      <Filter>Source Files\kernel\live555-core\liveMedia</Filter>
    </ClCompile>
    <ClCompile Include="..\live555\liveMedia\MPEG2TransportStreamFromPESSource.cpp">
      <Filter>Source Files\kernel\live555-core\liveMedia</Filter>
    </ClCompile>
    <ClCompile Include="..\live555\liveMedia\MPEG2TransportStreamIndexFile.cpp">
      <Filter>Source Files\kernel\live555-core\liveMedia</Filter>
    </ClCompile>
    <ClCompile Include="..\live555\liveMedia\MPEG2TransportStreamMultiplexor.cpp">
      <Filter>Source Files\kernel\live555-core\liveMedia</Filter>
    </ClCompile>
    <ClCompile Include="..\live555\liveMedia\MPEG2TransportStreamTrickModeFilter.cpp">
      <Filter>Source Files\kernel\live555-core\liveMedia</Filter>
    </ClCompile>
    <ClCompile Include="..\live555\liveMedia\MPEG2TransportUDPServerMediaSubsession.cpp">
      <Filter>Source Files\kernel\live555-core\liveMedia</Filter>
    </ClCompile>
    <ClCompile Include="..\live555\liveMedia\MPEG4ESVideoRTPSink.cpp">
      <Filter>Source Files\kernel\live555-core\liveMedia</Filter>
    </ClCompile>
    <ClCompile Include="..\live555\liveMedia\MPEG4ESVideoRTPSource.cpp">
      <Filter>Source Files\kernel\live555-core\liveMedia</Filter>
    </ClCompile>
    <ClCompile Include="..\live555\liveMedia\MPEG4GenericRTPSink.cpp">
      <Filter>Source Files\kernel\live555-core\liveMedia</Filter>
    </ClCompile>
    <ClCompile Include="..\live555\liveMedia\MPEG4GenericRTPSource.cpp">
      <Filter>Source Files\kernel\live555-core\liveMedia</Filter>
    </ClCompile>
    <ClCompile Include="..\live555\liveMedia\MPEG4LATMAudioRTPSink.cpp">
      <Filter>Source Files\kernel\live555-core\liveMedia</Filter>
    </ClCompile>
    <ClCompile Include="..\live555\liveMedia\MPEG4LATMAudioRTPSource.cpp">
      <Filter>Source Files\kernel\live555-core\liveMedia</Filter>
    </ClCompile>
    <ClCompile Include="..\live555\liveMedia\MPEG4VideoFileServerMediaSubsession.cpp">
      <Filter>Source Files\kernel\live555-core\liveMedia</Filter>
    </ClCompile>
    <ClCompile Include="..\live555\liveMedia\MPEG4VideoStreamDiscreteFramer.cpp">
      <Filter>Source Files\kernel\live555-core\liveMedia</Filter>
    </ClCompile>
    <ClCompile Include="..\live555\liveMedia\MPEG4VideoStreamFramer.cpp">
      <Filter>Source Files\kernel\live555-core\liveMedia</Filter>
    </ClCompile>
    <ClCompile Include="..\live555\liveMedia\MPEGVideoStreamFramer.cpp">
      <Filter>Source Files\kernel\live555-core\liveMedia</Filter>
    </ClCompile>
    <ClCompile Include="..\live555\liveMedia\MPEGVideoStreamParser.cpp">
      <Filter>Source Files\kernel\live555-core\liveMedia</Filter>
    </ClCompile>
    <ClCompile Include="..\live555\liveMedia\MultiFramedRTPSink.cpp">
      <Filter>Source Files\kernel\live555-core\liveMedia</Filter>
    </ClCompile>
    <ClCompile Include="..\live555\liveMedia\MultiFramedRTPSource.cpp">
      <Filter>Source Files\kernel\live555-core\liveMedia</Filter>
    </ClCompile>
    <ClCompile Include="..\live555\liveMedia\OggDemuxedTrack.cpp">
      <Filter>Source Files\kernel\live555-core\liveMedia</Filter>
    </ClCompile>
    <ClCompile Include="..\live555\liveMedia\OggFile.cpp">
      <Filter>Source Files\kernel\live555-core\liveMedia</Filter>
    </ClCompile>
    <ClCompile Include="..\live555\liveMedia\OggFileParser.cpp">
      <Filter>Source Files\kernel\live555-core\liveMedia</Filter>
    </ClCompile>
    <ClCompile Include="..\live555\liveMedia\OggFileServerDemux.cpp">
      <Filter>Source Files\kernel\live555-core\liveMedia</Filter>
    </ClCompile>
    <ClCompile Include="..\live555\liveMedia\OggFileServerMediaSubsession.cpp">
      <Filter>Source Files\kernel\live555-core\liveMedia</Filter>
    </ClCompile>
    <ClCompile Include="..\live555\liveMedia\OggFileSink.cpp">
      <Filter>Source Files\kernel\live555-core\liveMedia</Filter>
    </ClCompile>
    <ClCompile Include="..\live555\liveMedia\OnDemandServerMediaSubsession.cpp">
      <Filter>Source Files\kernel\live555-core\liveMedia</Filter>
    </ClCompile>
    <ClCompile Include="..\live555\liveMedia\ourMD5.cpp">
      <Filter>Source Files\kernel\live555-core\liveMedia</Filter>
    </ClCompile>
    <ClCompile Include="..\live555\liveMedia\OutputFile.cpp">
      <Filter>Source Files\kernel\live555-core\liveMedia</Filter>
    </ClCompile>
    <ClCompile Include="..\live555\liveMedia\PassiveServerMediaSubsession.cpp">
      <Filter>Source Files\kernel\live555-core\liveMedia</Filter>
    </ClCompile>
    <ClCompile Include="..\live555\liveMedia\ProxyServerMediaSession.cpp">
      <Filter>Source Files\kernel\live555-core\liveMedia</Filter>
    </ClCompile>
    <ClCompile Include="..\live555\liveMedia\QCELPAudioRTPSource.cpp">
      <Filter>Source Files\kernel\live555-core\liveMedia</Filter>
    </ClCompile>
    <ClCompile Include="..\live555\liveMedia\QuickTimeFileSink.cpp">
      <Filter>Source Files\kernel\live555-core\liveMedia</Filter>
    </ClCompile>
    <ClCompile Include="..\live555\liveMedia\QuickTimeGenericRTPSource.cpp">
      <Filter>Source Files\kernel\live555-core\liveMedia</Filter>
    </ClCompile>
    <ClCompile Include="..\live555\liveMedia\RTCP.cpp">
      <Filter>Source Files\kernel\live555-core\liveMedia</Filter>
    </ClCompile>
    <ClCompile Include="..\live555\liveMedia\rtcp_from_spec.c">
      <Filter>Source Files\kernel\live555-core\liveMedia</Filter>
    </ClCompile>
    <ClCompile Include="..\live555\liveMedia\RTPInterface.cpp">
      <Filter>Source Files\kernel\live555-core\liveMedia</Filter>
    </ClCompile>
    <ClCompile Include="..\live555\liveMedia\RTPSink.cpp">
      <Filter>Source Files\kernel\live555-core\liveMedia</Filter>
    </ClCompile>
    <ClCompile Include="..\live555\liveMedia\RTPSource.cpp">
      <Filter>Source Files\kernel\live555-core\liveMedia</Filter>
    </ClCompile>
    <ClCompile Include="..\live555\liveMedia\RTSPClient.cpp">
      <Filter>Source Files\kernel\live555-core\liveMedia</Filter>
    </ClCompile>
    <ClCompile Include="..\live555\liveMedia\RTSPCommon.cpp">
      <Filter>Source Files\kernel\live555-core\liveMedia</Filter>
    </ClCompile>
    <ClCompile Include="..\live555\liveMedia\RTSPRegisterSender.cpp">
      <Filter>Source Files\kernel\live555-core\liveMedia</Filter>
    </ClCompile>
    <ClCompile Include="..\live555\liveMedia\RTSPServer.cpp">
      <Filter>Source Files\kernel\live555-core\liveMedia</Filter>
    </ClCompile>
    <ClCompile Include="..\live555\liveMedia\RTSPServerSupportingHTTPStreaming.cpp">
      <Filter>Source Files\kernel\live555-core\liveMedia</Filter>
    </ClCompile>
    <ClCompile Include="..\live555\liveMedia\ServerMediaSession.cpp">
      <Filter>Source Files\kernel\live555-core\liveMedia</Filter>
    </ClCompile>
    <ClCompile Include="..\live555\liveMedia\SimpleRTPSink.cpp">
      <Filter>Source Files\kernel\live555-core\liveMedia</Filter>
    </ClCompile>
    <ClCompile Include="..\live555\liveMedia\SimpleRTPSource.cpp">
      <Filter>Source Files\kernel\live555-core\liveMedia</Filter>
    </ClCompile>
    <ClCompile Include="..\live555\liveMedia\SIPClient.cpp">
      <Filter>Source Files\kernel\live555-core\liveMedia</Filter>
    </ClCompile>
    <ClCompile Include="..\live555\liveMedia\StreamParser.cpp">
      <Filter>Source Files\kernel\live555-core\liveMedia</Filter>
    </ClCompile>
    <ClCompile Include="..\live555\liveMedia\StreamReplicator.cpp">
      <Filter>Source Files\kernel\live555-core\liveMedia</Filter>
    </ClCompile>
    <ClCompile Include="..\live555\liveMedia\T140TextRTPSink.cpp">
      <Filter>Source Files\kernel\live555-core\liveMedia</Filter>
    </ClCompile>
    <ClCompile Include="..\live555\liveMedia\TCPStreamSink.cpp">
      <Filter>Source Files\kernel\live555-core\liveMedia</Filter>
    </ClCompile>
    <ClCompile Include="..\live555\liveMedia\TextRTPSink.cpp">
      <Filter>Source Files\kernel\live555-core\liveMedia</Filter>
    </ClCompile>
    <ClCompile Include="..\live555\liveMedia\TheoraVideoRTPSink.cpp">
      <Filter>Source Files\kernel\live555-core\liveMedia</Filter>
    </ClCompile>
    <ClCompile Include="..\live555\liveMedia\TheoraVideoRTPSource.cpp">
      <Filter>Source Files\kernel\live555-core\liveMedia</Filter>
    </ClCompile>
    <ClCompile Include="..\live555\liveMedia\uLawAudioFilter.cpp">
      <Filter>Source Files\kernel\live555-core\liveMedia</Filter>
    </ClCompile>
    <ClCompile Include="..\live555\liveMedia\VideoRTPSink.cpp">
      <Filter>Source Files\kernel\live555-core\liveMedia</Filter>
    </ClCompile>
    <ClCompile Include="..\live555\liveMedia\VorbisAudioRTPSink.cpp">
      <Filter>Source Files\kernel\live555-core\liveMedia</Filter>
    </ClCompile>
    <ClCompile Include="..\live555\liveMedia\VorbisAudioRTPSource.cpp">
      <Filter>Source Files\kernel\live555-core\liveMedia</Filter>
    </ClCompile>
    <ClCompile Include="..\live555\liveMedia\VP8VideoRTPSink.cpp">
      <Filter>Source Files\kernel\live555-core\liveMedia</Filter>
    </ClCompile>
    <ClCompile Include="..\live555\liveMedia\VP8VideoRTPSource.cpp">
      <Filter>Source Files\kernel\live555-core\liveMedia</Filter>
    </ClCompile>
    <ClCompile Include="..\live555\liveMedia\VP9VideoRTPSink.cpp">
      <Filter>Source Files\kernel\live555-core\liveMedia</Filter>
    </ClCompile>
    <ClCompile Include="..\live555\liveMedia\VP9VideoRTPSource.cpp">
      <Filter>Source Files\kernel\live555-core\liveMedia</Filter>
    </ClCompile>
    <ClCompile Include="..\live555\liveMedia\WAVAudioFileServerMediaSubsession.cpp">
      <Filter>Source Files\kernel\live555-core\liveMedia</Filter>
    </ClCompile>
    <ClCompile Include="..\live555\liveMedia\WAVAudioFileSource.cpp">
      <Filter>Source Files\kernel\live555-core\liveMedia</Filter>
    </ClCompile>
    <ClCompile Include="..\live555\UsageEnvironment\HashTable.cpp">
      <Filter>Source Files\kernel\live555-core\UsageEnvironment</Filter>
    </ClCompile>
    <ClCompile Include="..\live555\UsageEnvironment\strDup.cpp">
      <Filter>Source Files\kernel\live555-core\UsageEnvironment</Filter>
    </ClCompile>
    <ClCompile Include="..\live555\UsageEnvironment\UsageEnvironment.cpp">
      <Filter>Source Files\kernel\live555-core\UsageEnvironment</Filter>
    </ClCompile>
    <ClCompile Include="mythFFmpegDecoder.cpp">
      <Filter>Source Files</Filter>
    </ClCompile>
  </ItemGroup>
  <ItemGroup>
    <ClInclude Include="mythAvlist.hh">
      <Filter>Header Files</Filter>
    </ClInclude>
    <ClInclude Include="MythConfig.hh">
      <Filter>Header Files</Filter>
    </ClInclude>
    <ClInclude Include="mythStreamServer.hh">
      <Filter>Header Files</Filter>
    </ClInclude>
    <ClInclude Include="mythStreamMapServer.hh">
      <Filter>Header Files</Filter>
    </ClInclude>
    <ClInclude Include="mythBaseClient.hh">
      <Filter>Header Files</Filter>
    </ClInclude>
    <ClInclude Include="mythStreamSQLresult.hh">
      <Filter>Header Files</Filter>
    </ClInclude>
    <ClInclude Include="mythVirtualDecoder.hh">
      <Filter>Header Files</Filter>
    </ClInclude>
    <ClInclude Include="mythVirtualSqlite.hh">
      <Filter>Header Files</Filter>
    </ClInclude>
    <ClInclude Include="IniFile.h">
      <Filter>Header Files</Filter>
    </ClInclude>
    <ClInclude Include="mythProxyDecoder.hh">
      <Filter>Header Files</Filter>
    </ClInclude>
    <ClInclude Include="mythStreamDecoder.hh">
      <Filter>Header Files</Filter>
    </ClInclude>
    <ClInclude Include="mythVirtualList.hh">
      <Filter>Header Files</Filter>
    </ClInclude>
    <ClInclude Include="H264or5VideoStreamSink.hh">
      <Filter>Header Files\live555</Filter>
    </ClInclude>
    <ClInclude Include="H264VideoStreamSink.hh">
      <Filter>Header Files\live555</Filter>
    </ClInclude>
    <ClInclude Include="mythUseageEnvironment.hh">
      <Filter>Header Files\live555</Filter>
    </ClInclude>
    <ClInclude Include="OurRTSPClient.hh">
      <Filter>Header Files\live555</Filter>
    </ClInclude>
    <ClInclude Include="StreamClientState.hh">
      <Filter>Header Files\live555</Filter>
    </ClInclude>
    <ClInclude Include="StreamSink.hh">
      <Filter>Header Files\live555</Filter>
    </ClInclude>
    <ClInclude Include="mythRTSP.hh">
      <Filter>Header Files\live555</Filter>
    </ClInclude>
    <ClInclude Include="mythListFactory.hh">
      <Filter>Header Files</Filter>
    </ClInclude>
    <ClInclude Include="MythSocket.hh">
      <Filter>Header Files</Filter>
    </ClInclude>
    <ClInclude Include="mythGlobal.hh">
      <Filter>Header Files</Filter>
    </ClInclude>
    <ClInclude Include="tinyxml.h">
      <Filter>Header Files\tinyxml</Filter>
    </ClInclude>
    <ClInclude Include="tinystr.h">
      <Filter>Header Files\tinyxml</Filter>
    </ClInclude>
    <ClInclude Include="mythMediaPipeline.hh">
      <Filter>Header Files</Filter>
    </ClInclude>
    <ClInclude Include="mythFFmpegEncoder.hh">
      <Filter>Header Files</Filter>
    </ClInclude>
    <ClInclude Include="mythFFmpeg.hh">
      <Filter>Header Files</Filter>
    </ClInclude>
    <ClInclude Include="mythIniFile.hh">
      <Filter>Header Files</Filter>
    </ClInclude>
    <ClInclude Include="mythServerMap.hh">
      <Filter>Header Files</Filter>
    </ClInclude>
    <ClInclude Include="mythLog.hh">
      <Filter>Header Files</Filter>
    </ClInclude>
    <ClInclude Include="mythNodeList.hh">
      <Filter>Header Files</Filter>
    </ClInclude>
    <ClInclude Include="mythRequestParser.hh">
      <Filter>Header Files</Filter>
    </ClInclude>
    <ClInclude Include="mythH264Decoder.hh">
      <Filter>Header Files</Filter>
    </ClInclude>
    <ClInclude Include="DummySink.hh">
      <Filter>Header Files</Filter>
    </ClInclude>
    <ClInclude Include="mythFLVClient.hh">
      <Filter>Header Files</Filter>
    </ClInclude>
    <ClInclude Include="mythStreamClient.hh">
      <Filter>Header Files</Filter>
    </ClInclude>
    <ClInclude Include="mythH264Client.hh">
      <Filter>Header Files</Filter>
    </ClInclude>
    <ClInclude Include="mythClientFactory.hh">
      <Filter>Header Files</Filter>
    </ClInclude>
    <ClInclude Include="..\live555\liveMedia\rtcp_from_spec.h">
      <Filter>Source Files\kernel\live555-core\liveMedia</Filter>
    </ClInclude>
    <ClInclude Include="mythFFmpegDecoder.hh">
      <Filter>Header Files</Filter>
    </ClInclude>
  </ItemGroup>
  <ItemGroup>
    <None Include="..\configure" />
    <None Include="..\Makefile.tail" />
    <None Include="..\Makefile.pipeline" />
  </ItemGroup>
  <ItemGroup>
    <Library Include="..\winlib\libevent.lib" />
    <Library Include="..\winlib\libevent_core.lib" />
    <Library Include="..\winlib\libevent_extras.lib" />
  </ItemGroup>
</Project>